{
  "version": 4,
  "terraform_version": "1.2.4",
  "serial": 406,
  "lineage": "96d57c6e-2bad-a8cc-64a4-cac72b02fe97",
  "outputs": {
    "cloudfront_domain_name": {
      "value": "d1u2hi1d9qomun.cloudfront.net",
      "type": "string"
    }
  },
  "resources": [
    {
      "module": "module.tf_next",
      "mode": "data",
      "type": "aws_cloudfront_cache_policy",
      "name": "managed_caching_optimized",
      "provider": "provider[\"registry.terraform.io/hashicorp/aws\"]",
      "instances": [
        {
          "schema_version": 0,
          "attributes": {
            "comment": "Default policy when CF compression is enabled",
            "default_ttl": 86400,
            "etag": "E23ZP02F085DFQ",
            "id": "658327ea-f89d-4fab-a63d-7e88639e58f6",
            "max_ttl": 31536000,
            "min_ttl": 1,
            "name": "Managed-CachingOptimized",
            "parameters_in_cache_key_and_forwarded_to_origin": [
              {
                "cookies_config": [
                  {
                    "cookie_behavior": "none",
                    "cookies": []
                  }
                ],
                "enable_accept_encoding_brotli": true,
                "enable_accept_encoding_gzip": true,
                "headers_config": [
                  {
                    "header_behavior": "none",
                    "headers": []
                  }
                ],
                "query_strings_config": [
                  {
                    "query_string_behavior": "none",
                    "query_strings": []
                  }
                ]
              }
            ]
          },
          "sensitive_attributes": []
        }
      ]
    },
    {
      "module": "module.tf_next",
      "mode": "data",
      "type": "aws_cloudfront_origin_request_policy",
      "name": "managed_all_viewer",
      "provider": "provider[\"registry.terraform.io/hashicorp/aws\"]",
      "instances": [
        {
          "schema_version": 0,
          "attributes": {
            "comment": "Policy with forward all parameters in viewer requests",
            "cookies_config": [
              {
                "cookie_behavior": "all",
                "cookies": []
              }
            ],
            "etag": "E23ZP02F085DFQ",
            "headers_config": [
              {
                "header_behavior": "allViewer",
                "headers": []
              }
            ],
            "id": "216adef6-5c7f-47e4-b989-5492eafa07d3",
            "name": "Managed-AllViewer",
            "query_strings_config": [
              {
                "query_string_behavior": "all",
                "query_strings": []
              }
            ]
          },
          "sensitive_attributes": []
        }
      ]
    },
    {
      "module": "module.tf_next",
      "mode": "data",
      "type": "aws_cloudfront_origin_request_policy",
      "name": "managed_cors_s3_origin",
      "provider": "provider[\"registry.terraform.io/hashicorp/aws\"]",
      "instances": [
        {
          "schema_version": 0,
          "attributes": {
            "comment": "Policy for S3 origin with CORS",
            "cookies_config": [
              {
                "cookie_behavior": "none",
                "cookies": []
              }
            ],
            "etag": "E23ZP02F085DFQ",
            "headers_config": [
              {
                "header_behavior": "whitelist",
                "headers": [
                  {
                    "items": [
                      "access-control-request-headers",
                      "access-control-request-method",
                      "origin"
                    ]
                  }
                ]
              }
            ],
            "id": "88a5eaf4-2fd4-4709-b370-b4c650ea3fcf",
            "name": "Managed-CORS-S3Origin",
            "query_strings_config": [
              {
                "query_string_behavior": "none",
                "query_strings": []
              }
            ]
          },
          "sensitive_attributes": []
        }
      ]
    },
    {
      "module": "module.tf_next",
      "mode": "data",
      "type": "aws_iam_policy_document",
      "name": "access_static_deployment",
      "provider": "provider[\"registry.terraform.io/hashicorp/aws\"]",
      "instances": [
        {
          "schema_version": 0,
          "attributes": {
            "id": "320111724",
            "json": "{\n  \"Version\": \"2012-10-17\",\n  \"Statement\": [\n    {\n      \"Sid\": \"\",\n      \"Effect\": \"Allow\",\n      \"Action\": \"s3:GetObject\",\n      \"Resource\": \"arn:aws:s3:::tf-next-tfn-static20220807042432966500000006/*\"\n    }\n  ]\n}",
            "override_json": null,
            "override_policy_documents": null,
            "policy_id": null,
            "source_json": null,
            "source_policy_documents": null,
            "statement": [
              {
                "actions": [
                  "s3:GetObject"
                ],
                "condition": [],
                "effect": "Allow",
                "not_actions": [],
                "not_principals": [],
                "not_resources": [],
                "principals": [],
                "resources": [
                  "arn:aws:s3:::tf-next-tfn-static20220807042432966500000006/*"
                ],
                "sid": ""
              }
            ],
            "version": "2012-10-17"
          },
          "sensitive_attributes": []
        }
      ]
    },
    {
      "module": "module.tf_next",
      "mode": "data",
      "type": "aws_iam_policy_document",
      "name": "assume_role",
      "provider": "provider[\"registry.terraform.io/hashicorp/aws\"]",
      "instances": [
        {
          "schema_version": 0,
          "attributes": {
            "id": "3693445097",
            "json": "{\n  \"Version\": \"2012-10-17\",\n  \"Statement\": [\n    {\n      \"Sid\": \"\",\n      \"Effect\": \"Allow\",\n      \"Action\": \"sts:AssumeRole\",\n      \"Principal\": {\n        \"Service\": \"lambda.amazonaws.com\"\n      }\n    }\n  ]\n}",
            "override_json": null,
            "override_policy_documents": null,
            "policy_id": null,
            "source_json": null,
            "source_policy_documents": null,
            "statement": [
              {
                "actions": [
                  "sts:AssumeRole"
                ],
                "condition": [],
                "effect": "Allow",
                "not_actions": [],
                "not_principals": [],
                "not_resources": [],
                "principals": [
                  {
                    "identifiers": [
                      "lambda.amazonaws.com"
                    ],
                    "type": "Service"
                  }
                ],
                "resources": [],
                "sid": ""
              }
            ],
            "version": "2012-10-17"
          },
          "sensitive_attributes": []
        }
      ]
    },
    {
      "module": "module.tf_next",
      "mode": "data",
      "type": "aws_iam_policy_document",
      "name": "lambda_logging",
      "provider": "provider[\"registry.terraform.io/hashicorp/aws\"]",
      "instances": [
        {
          "schema_version": 0,
          "attributes": {
            "id": "4063422367",
            "json": "{\n  \"Version\": \"2012-10-17\",\n  \"Statement\": [\n    {\n      \"Sid\": \"\",\n      \"Effect\": \"Allow\",\n      \"Action\": [\n        \"logs:PutLogEvents\",\n        \"logs:CreateLogStream\",\n        \"logs:CreateLogGroup\"\n      ],\n      \"Resource\": \"arn:aws:logs:*:*:*\"\n    }\n  ]\n}",
            "override_json": null,
            "override_policy_documents": null,
            "policy_id": null,
            "source_json": null,
            "source_policy_documents": null,
            "statement": [
              {
                "actions": [
                  "logs:CreateLogGroup",
                  "logs:CreateLogStream",
                  "logs:PutLogEvents"
                ],
                "condition": [],
                "effect": "Allow",
                "not_actions": [],
                "not_principals": [],
                "not_resources": [],
                "principals": [],
                "resources": [
                  "arn:aws:logs:*:*:*"
                ],
                "sid": ""
              }
            ],
            "version": "2012-10-17"
          },
          "sensitive_attributes": []
        }
      ]
    },
    {
      "module": "module.tf_next",
      "mode": "managed",
      "type": "aws_cloudfront_cache_policy",
      "name": "this",
      "provider": "provider[\"registry.terraform.io/hashicorp/aws\"]",
      "instances": [
        {
          "schema_version": 0,
          "attributes": {
            "comment": "Managed by Terraform Next.js",
            "default_ttl": 0,
            "etag": "E23ZP02F085DFQ",
            "id": "ecaac881-907c-4fd9-86e4-bd25f83fcd7f",
            "max_ttl": 31536000,
            "min_ttl": 0,
            "name": "tf-next_tfn-cache",
            "parameters_in_cache_key_and_forwarded_to_origin": [
              {
                "cookies_config": [
                  {
                    "cookie_behavior": "all",
                    "cookies": []
                  }
                ],
                "enable_accept_encoding_brotli": true,
                "enable_accept_encoding_gzip": true,
                "headers_config": [
                  {
                    "header_behavior": "whitelist",
                    "headers": [
                      {
                        "items": [
                          "Authorization",
                          "host"
                        ]
                      }
                    ]
                  }
                ],
                "query_strings_config": [
                  {
                    "query_string_behavior": "all",
                    "query_strings": []
                  }
                ]
              }
            ]
          },
          "sensitive_attributes": [],
          "private": "bnVsbA=="
        }
      ]
    },
    {
      "module": "module.tf_next",
      "mode": "managed",
      "type": "aws_cloudwatch_log_group",
      "name": "this",
      "provider": "provider[\"registry.terraform.io/hashicorp/aws\"]",
      "instances": [
        {
          "index_key": "__NEXT_API_LAMBDA_0",
          "schema_version": 0,
          "attributes": {
            "arn": "arn:aws:logs:ap-south-1:045329330416:log-group:/aws/lambda/tf-next___NEXT_API_LAMBDA_0",
            "id": "/aws/lambda/tf-next___NEXT_API_LAMBDA_0",
            "kms_key_id": "",
            "name": "/aws/lambda/tf-next___NEXT_API_LAMBDA_0",
            "name_prefix": null,
            "retention_in_days": 14,
            "tags": {},
            "tags_all": {}
          },
          "sensitive_attributes": [],
          "private": "bnVsbA=="
        }
      ]
    },
    {
      "module": "module.tf_next",
      "mode": "managed",
      "type": "aws_iam_policy",
      "name": "lambda_logging",
      "provider": "provider[\"registry.terraform.io/hashicorp/aws\"]",
      "instances": [
        {
          "schema_version": 0,
          "attributes": {
            "arn": "arn:aws:iam::045329330416:policy/terraform-20220807042432965200000004",
            "description": "Managed by Terraform Next.js",
            "id": "arn:aws:iam::045329330416:policy/terraform-20220807042432965200000004",
            "name": "terraform-20220807042432965200000004",
            "name_prefix": null,
            "path": "/",
            "policy": "{\"Statement\":[{\"Action\":[\"logs:PutLogEvents\",\"logs:CreateLogStream\",\"logs:CreateLogGroup\"],\"Effect\":\"Allow\",\"Resource\":\"arn:aws:logs:*:*:*\",\"Sid\":\"\"}],\"Version\":\"2012-10-17\"}",
            "policy_id": "ANPAQVDOWWDYB24WPWTGS",
            "tags": {},
            "tags_all": {}
          },
          "sensitive_attributes": [],
          "private": "bnVsbA==",
          "dependencies": [
            "module.tf_next.data.aws_iam_policy_document.lambda_logging"
          ]
        }
      ]
    },
    {
      "module": "module.tf_next",
      "mode": "managed",
      "type": "aws_iam_role",
      "name": "lambda",
      "provider": "provider[\"registry.terraform.io/hashicorp/aws\"]",
      "instances": [
        {
          "index_key": "__NEXT_API_LAMBDA_0",
          "schema_version": 0,
          "attributes": {
            "arn": "arn:aws:iam::045329330416:role/tf-next___NEXT_API_LAMBDA_0",
            "assume_role_policy": "{\"Statement\":[{\"Action\":\"sts:AssumeRole\",\"Effect\":\"Allow\",\"Principal\":{\"Service\":\"lambda.amazonaws.com\"},\"Sid\":\"\"}],\"Version\":\"2012-10-17\"}",
            "create_date": "2022-08-07T04:24:35Z",
            "description": "Managed by Terraform Next.js",
            "force_detach_policies": false,
            "id": "tf-next___NEXT_API_LAMBDA_0",
            "inline_policy": [],
            "managed_policy_arns": [
              "arn:aws:iam::045329330416:policy/terraform-20220807042432965200000004"
            ],
            "max_session_duration": 3600,
            "name": "tf-next___NEXT_API_LAMBDA_0",
            "name_prefix": "",
            "path": "/",
            "permissions_boundary": null,
            "tags": {},
            "tags_all": {},
            "unique_id": "AROAQVDOWWDYJQ2HNSFU6"
          },
          "sensitive_attributes": [],
          "private": "bnVsbA==",
          "dependencies": [
            "module.tf_next.data.aws_iam_policy_document.assume_role"
          ]
        }
      ]
    },
    {
      "module": "module.tf_next",
      "mode": "managed",
      "type": "aws_iam_role_policy_attachment",
      "name": "lambda_logs",
      "provider": "provider[\"registry.terraform.io/hashicorp/aws\"]",
      "instances": [
        {
          "index_key": "__NEXT_API_LAMBDA_0",
          "schema_version": 0,
          "attributes": {
            "id": "tf-next___NEXT_API_LAMBDA_0-2022080704243655670000000b",
            "policy_arn": "arn:aws:iam::045329330416:policy/terraform-20220807042432965200000004",
            "role": "tf-next___NEXT_API_LAMBDA_0"
          },
          "sensitive_attributes": [],
          "private": "bnVsbA==",
          "dependencies": [
            "module.tf_next.aws_iam_policy.lambda_logging",
            "module.tf_next.aws_iam_role.lambda",
            "module.tf_next.data.aws_iam_policy_document.assume_role",
            "module.tf_next.data.aws_iam_policy_document.lambda_logging"
          ]
        }
      ]
    },
    {
      "module": "module.tf_next",
      "mode": "managed",
      "type": "aws_lambda_function",
      "name": "this",
      "provider": "provider[\"registry.terraform.io/hashicorp/aws\"]",
      "instances": [
        {
          "index_key": "__NEXT_API_LAMBDA_0",
          "schema_version": 0,
          "attributes": {
            "architectures": [
              "x86_64"
            ],
            "arn": "arn:aws:lambda:ap-south-1:045329330416:function:tf-next___NEXT_API_LAMBDA_0",
            "code_signing_config_arn": "",
            "dead_letter_config": [],
            "description": "Managed by Terraform Next.js",
            "environment": [],
            "ephemeral_storage": [
              {
                "size": 512
              }
            ],
            "file_system_config": [],
            "filename": "./.next-tf/lambdas/__NEXT_API_LAMBDA_0.zip",
            "function_name": "tf-next___NEXT_API_LAMBDA_0",
            "handler": "now__launcher.launcher",
            "id": "tf-next___NEXT_API_LAMBDA_0",
            "image_config": [],
            "image_uri": "",
            "invoke_arn": "arn:aws:apigateway:ap-south-1:lambda:path/2015-03-31/functions/arn:aws:lambda:ap-south-1:045329330416:function:tf-next___NEXT_API_LAMBDA_0/invocations",
            "kms_key_arn": "",
            "last_modified": "2022-08-07T05:20:22.001+0000",
            "layers": null,
            "memory_size": 1024,
            "package_type": "Zip",
            "publish": false,
            "qualified_arn": "arn:aws:lambda:ap-south-1:045329330416:function:tf-next___NEXT_API_LAMBDA_0:$LATEST",
            "reserved_concurrent_executions": -1,
            "role": "arn:aws:iam::045329330416:role/tf-next___NEXT_API_LAMBDA_0",
            "runtime": "nodejs14.x",
            "s3_bucket": null,
            "s3_key": null,
            "s3_object_version": null,
            "signing_job_arn": "",
            "signing_profile_version_arn": "",
            "source_code_hash": "dC0iXatEPg1J9Ljsi5aRkWizzXNbnmHbcJ+2r5XeF+k=",
            "source_code_size": 614042,
            "tags": null,
            "tags_all": {},
            "timeout": 10,
            "timeouts": null,
            "tracing_config": [
              {
                "mode": "PassThrough"
              }
            ],
            "version": "$LATEST",
            "vpc_config": []
          },
          "sensitive_attributes": [],
          "private": "eyJlMmJmYjczMC1lY2FhLTExZTYtOGY4OC0zNDM2M2JjN2M0YzAiOnsiY3JlYXRlIjo2MDAwMDAwMDAwMDB9fQ==",
          "dependencies": [
            "module.tf_next.aws_cloudwatch_log_group.this",
            "module.tf_next.aws_iam_role.lambda",
            "module.tf_next.aws_iam_role_policy_attachment.lambda_logs"
          ]
        }
      ]
    },
    {
      "module": "module.tf_next",
      "mode": "managed",
      "type": "aws_lambda_permission",
      "name": "current_version_triggers",
      "provider": "provider[\"registry.terraform.io/hashicorp/aws\"]",
      "instances": [
        {
          "index_key": "__NEXT_API_LAMBDA_0",
          "schema_version": 0,
          "attributes": {
            "action": "lambda:InvokeFunction",
            "event_source_token": null,
            "function_name": "tf-next___NEXT_API_LAMBDA_0",
            "function_url_auth_type": null,
            "id": "AllowInvokeFromApiGateway",
            "principal": "apigateway.amazonaws.com",
            "principal_org_id": null,
            "qualifier": "",
            "source_account": null,
            "source_arn": "arn:aws:execute-api:ap-south-1:045329330416:2ixjqra4nk/*/*/*",
            "statement_id": "AllowInvokeFromApiGateway",
            "statement_id_prefix": ""
          },
          "sensitive_attributes": [],
          "private": "bnVsbA==",
          "dependencies": [
            "module.tf_next.module.api_gateway.aws_apigatewayv2_api.this"
          ]
        }
      ]
    },
    {
      "module": "module.tf_next.module.api_gateway",
      "mode": "managed",
      "type": "aws_apigatewayv2_api",
      "name": "this",
      "provider": "provider[\"registry.terraform.io/hashicorp/aws\"]",
      "instances": [
        {
          "index_key": 0,
          "schema_version": 0,
          "attributes": {
            "api_endpoint": "https://2ixjqra4nk.execute-api.ap-south-1.amazonaws.com",
            "api_key_selection_expression": "$request.header.x-api-key",
            "arn": "arn:aws:apigateway:ap-south-1::/apis/2ixjqra4nk",
            "body": null,
            "cors_configuration": [],
            "credentials_arn": null,
            "description": "Managed by Terraform Next.js",
            "disable_execute_api_endpoint": false,
            "execution_arn": "arn:aws:execute-api:ap-south-1:045329330416:2ixjqra4nk",
            "fail_on_warnings": null,
            "id": "2ixjqra4nk",
            "name": "tf-next",
            "protocol_type": "HTTP",
            "route_key": null,
            "route_selection_expression": "$request.method $request.path",
            "tags": {},
            "tags_all": {},
            "target": null,
            "version": ""
          },
          "sensitive_attributes": [],
          "private": "bnVsbA=="
        }
      ]
    },
    {
      "module": "module.tf_next.module.api_gateway",
      "mode": "managed",
      "type": "aws_apigatewayv2_integration",
      "name": "this",
      "provider": "provider[\"registry.terraform.io/hashicorp/aws\"]",
      "instances": [
        {
          "index_key": "ANY /__NEXT_API_LAMBDA_0/{proxy+}",
          "schema_version": 0,
          "attributes": {
            "api_id": "2ixjqra4nk",
            "connection_id": "",
            "connection_type": "INTERNET",
            "content_handling_strategy": "",
            "credentials_arn": "",
            "description": "",
            "id": "jfhgz0r",
            "integration_method": "POST",
            "integration_response_selection_expression": "",
            "integration_subtype": "",
            "integration_type": "AWS_PROXY",
            "integration_uri": "arn:aws:lambda:ap-south-1:045329330416:function:tf-next___NEXT_API_LAMBDA_0",
            "passthrough_behavior": "",
            "payload_format_version": "2.0",
            "request_parameters": null,
            "request_templates": null,
            "response_parameters": [],
            "template_selection_expression": "",
            "timeout_milliseconds": 10000,
            "tls_config": []
          },
          "sensitive_attributes": [],
          "private": "bnVsbA==",
          "dependencies": [
            "module.tf_next.aws_cloudwatch_log_group.this",
            "module.tf_next.aws_iam_role.lambda",
            "module.tf_next.aws_iam_role_policy_attachment.lambda_logs",
            "module.tf_next.aws_lambda_function.this",
            "module.tf_next.module.api_gateway.aws_apigatewayv2_api.this",
            "module.tf_next.module.api_gateway.aws_apigatewayv2_vpc_link.this"
          ]
        }
      ]
    },
    {
      "module": "module.tf_next.module.api_gateway",
      "mode": "managed",
      "type": "aws_apigatewayv2_route",
      "name": "this",
      "provider": "provider[\"registry.terraform.io/hashicorp/aws\"]",
      "instances": [
        {
          "index_key": "ANY /__NEXT_API_LAMBDA_0/{proxy+}",
          "schema_version": 0,
          "attributes": {
            "api_id": "2ixjqra4nk",
            "api_key_required": false,
            "authorization_scopes": null,
            "authorization_type": "NONE",
            "authorizer_id": "",
            "id": "s8qy8lr",
            "model_selection_expression": "",
            "operation_name": "",
            "request_models": null,
            "request_parameter": [],
            "route_key": "ANY /__NEXT_API_LAMBDA_0/{proxy+}",
            "route_response_selection_expression": "",
            "target": "integrations/jfhgz0r"
          },
          "sensitive_attributes": [],
          "private": "bnVsbA==",
          "dependencies": [
            "module.tf_next.aws_cloudwatch_log_group.this",
            "module.tf_next.aws_iam_role.lambda",
            "module.tf_next.aws_iam_role_policy_attachment.lambda_logs",
            "module.tf_next.aws_lambda_function.this",
            "module.tf_next.module.api_gateway.aws_apigatewayv2_api.this",
            "module.tf_next.module.api_gateway.aws_apigatewayv2_integration.this",
            "module.tf_next.module.api_gateway.aws_apigatewayv2_vpc_link.this"
          ]
        }
      ]
    },
    {
      "module": "module.tf_next.module.api_gateway",
      "mode": "managed",
      "type": "aws_apigatewayv2_stage",
      "name": "default",
      "provider": "provider[\"registry.terraform.io/hashicorp/aws\"]",
      "instances": [
        {
          "index_key": 0,
          "schema_version": 0,
          "attributes": {
            "access_log_settings": [],
            "api_id": "2ixjqra4nk",
            "arn": "arn:aws:apigateway:ap-south-1::/apis/2ixjqra4nk/stages/$default",
            "auto_deploy": true,
            "client_certificate_id": "",
            "default_route_settings": [
              {
                "data_trace_enabled": false,
                "detailed_metrics_enabled": false,
                "logging_level": "",
                "throttling_burst_limit": 0,
                "throttling_rate_limit": 0
              }
            ],
            "deployment_id": "",
            "description": "",
            "execution_arn": "arn:aws:execute-api:ap-south-1:045329330416:2ixjqra4nk/$default",
            "id": "$default",
            "invoke_url": "https://2ixjqra4nk.execute-api.ap-south-1.amazonaws.com/",
            "name": "$default",
            "route_settings": [],
            "stage_variables": {},
            "tags": {},
            "tags_all": {}
          },
          "sensitive_attributes": [],
          "private": "bnVsbA==",
          "dependencies": [
            "module.tf_next.module.api_gateway.aws_apigatewayv2_api.this"
          ]
        }
      ]
    },
    {
      "module": "module.tf_next.module.cloudfront_main[0]",
      "mode": "managed",
      "type": "aws_cloudfront_distribution",
      "name": "distribution",
      "provider": "provider[\"registry.terraform.io/hashicorp/aws\"]",
      "instances": [
        {
          "schema_version": 1,
          "attributes": {
            "aliases": [],
            "arn": "arn:aws:cloudfront::045329330416:distribution/E27RZQYPX8LOHH",
            "caller_reference": "terraform-2022080704275971290000000e",
            "comment": "tf-next - Main",
            "custom_error_response": [
              {
                "error_caching_min_ttl": 60,
                "error_code": 403,
                "response_code": 404,
                "response_page_path": "/404"
              }
            ],
            "default_cache_behavior": [
              {
                "allowed_methods": [
                  "DELETE",
                  "GET",
                  "HEAD",
                  "OPTIONS",
                  "PATCH",
                  "POST",
                  "PUT"
                ],
                "cache_policy_id": "ecaac881-907c-4fd9-86e4-bd25f83fcd7f",
                "cached_methods": [
                  "GET",
                  "HEAD"
                ],
                "compress": true,
                "default_ttl": 0,
                "field_level_encryption_id": "",
                "forwarded_values": [],
                "function_association": [],
                "lambda_function_association": [
                  {
                    "event_type": "origin-request",
                    "include_body": false,
                    "lambda_arn": "arn:aws:lambda:us-east-1:045329330416:function:tf-next_tfn-proxy:3"
                  }
                ],
                "max_ttl": 0,
                "min_ttl": 0,
                "origin_request_policy_id": "216adef6-5c7f-47e4-b989-5492eafa07d3",
                "realtime_log_config_arn": "",
                "response_headers_policy_id": "",
                "smooth_streaming": false,
                "target_origin_id": "tf-next-s3-static-content",
                "trusted_key_groups": [],
                "trusted_signers": [],
                "viewer_protocol_policy": "redirect-to-https"
              }
            ],
            "default_root_object": "",
            "domain_name": "d1u2hi1d9qomun.cloudfront.net",
            "enabled": true,
            "etag": "E3V3HQIFO5MXIR",
            "hosted_zone_id": "Z2FDTNDATAQYW2",
            "http_version": "http2",
            "id": "E27RZQYPX8LOHH",
            "in_progress_validation_batches": 0,
            "is_ipv6_enabled": true,
            "last_modified_time": "2022-08-07 04:28:00.718 +0000 UTC",
            "logging_config": [],
            "ordered_cache_behavior": [
              {
                "allowed_methods": [
                  "GET",
                  "HEAD"
                ],
                "cache_policy_id": "9837d055-2e48-4faa-97e5-836935135c9b",
                "cached_methods": [
                  "GET",
                  "HEAD"
                ],
                "compress": true,
                "default_ttl": 0,
                "field_level_encryption_id": "",
                "forwarded_values": [],
                "function_association": [],
                "lambda_function_association": [],
                "max_ttl": 0,
                "min_ttl": 0,
                "origin_request_policy_id": "7bb74e52-9eaa-4a72-a71d-ec193a5dc2a4",
                "path_pattern": "/_next/image*",
                "realtime_log_config_arn": "",
                "response_headers_policy_id": "",
                "smooth_streaming": false,
                "target_origin_id": "tf-next-image-optimizer",
                "trusted_key_groups": [],
                "trusted_signers": [],
                "viewer_protocol_policy": "redirect-to-https"
              },
              {
                "allowed_methods": [
                  "GET",
                  "HEAD"
                ],
                "cache_policy_id": "658327ea-f89d-4fab-a63d-7e88639e58f6",
                "cached_methods": [
                  "GET",
                  "HEAD"
                ],
                "compress": true,
                "default_ttl": 0,
                "field_level_encryption_id": "",
                "forwarded_values": [],
                "function_association": [],
                "lambda_function_association": [],
                "max_ttl": 0,
                "min_ttl": 0,
                "origin_request_policy_id": "88a5eaf4-2fd4-4709-b370-b4c650ea3fcf",
                "path_pattern": "/_next/static/*",
                "realtime_log_config_arn": "",
                "response_headers_policy_id": "",
                "smooth_streaming": false,
                "target_origin_id": "tf-next-s3-static-content",
                "trusted_key_groups": [],
                "trusted_signers": [],
                "viewer_protocol_policy": "redirect-to-https"
              }
            ],
            "origin": [
              {
                "connection_attempts": 3,
                "connection_timeout": 10,
                "custom_header": [
                  {
                    "name": "x-env-api-endpoint",
                    "value": "2ixjqra4nk.execute-api.ap-south-1.amazonaws.com"
                  },
                  {
                    "name": "x-env-config-endpoint",
                    "value": "http://d1h9po3fyc8faq.cloudfront.net/proxy-config.json"
                  }
                ],
                "custom_origin_config": [],
                "domain_name": "tf-next-tfn-static20220807042432966500000006.s3.ap-south-1.amazonaws.com",
                "origin_id": "tf-next-s3-static-content",
                "origin_path": "",
                "origin_shield": [],
                "s3_origin_config": [
                  {
                    "origin_access_identity": "origin-access-identity/cloudfront/EA0CDVL6NXBMC"
                  }
                ]
              },
              {
                "connection_attempts": 3,
                "connection_timeout": 10,
                "custom_header": [],
                "custom_origin_config": [
                  {
                    "http_port": 80,
                    "https_port": 443,
                    "origin_keepalive_timeout": 5,
                    "origin_protocol_policy": "https-only",
                    "origin_read_timeout": 30,
                    "origin_ssl_protocols": [
                      "TLSv1.2"
                    ]
                  }
                ],
                "domain_name": "3fdxfxqff7.execute-api.ap-south-1.amazonaws.com",
                "origin_id": "tf-next-image-optimizer",
                "origin_path": "",
                "origin_shield": [
                  {
                    "enabled": true,
                    "origin_shield_region": "ap-south-1"
                  }
                ],
                "s3_origin_config": []
              }
            ],
            "origin_group": [],
            "price_class": "PriceClass_100",
            "restrictions": [
              {
                "geo_restriction": [
                  {
                    "locations": [],
                    "restriction_type": "none"
                  }
                ]
              }
            ],
            "retain_on_delete": false,
            "status": "Deployed",
            "tags": {},
            "tags_all": {},
            "trusted_key_groups": [
              {
                "enabled": false,
                "items": []
              }
            ],
            "trusted_signers": [
              {
                "enabled": false,
                "items": []
              }
            ],
            "viewer_certificate": [
              {
                "acm_certificate_arn": "",
                "cloudfront_default_certificate": true,
                "iam_certificate_id": "",
                "minimum_protocol_version": "TLSv1",
                "ssl_support_method": ""
              }
            ],
            "wait_for_deployment": true,
            "web_acl_id": ""
          },
          "sensitive_attributes": [],
          "private": "eyJzY2hlbWFfdmVyc2lvbiI6IjEifQ==",
          "dependencies": [
            "module.tf_next.aws_cloudfront_cache_policy.this",
            "module.tf_next.data.aws_cloudfront_cache_policy.managed_caching_optimized",
            "module.tf_next.data.aws_cloudfront_origin_request_policy.managed_all_viewer",
            "module.tf_next.data.aws_cloudfront_origin_request_policy.managed_cors_s3_origin",
            "module.tf_next.module.api_gateway.aws_apigatewayv2_api.this",
            "module.tf_next.module.next_image.aws_cloudfront_cache_policy.this",
            "module.tf_next.module.next_image.aws_cloudfront_origin_request_policy.this",
            "module.tf_next.module.next_image.data.aws_region.current",
            "module.tf_next.module.next_image.module.api_gateway.aws_apigatewayv2_api.this",
            "module.tf_next.module.proxy.module.edge_proxy.aws_cloudwatch_log_group.lambda",
            "module.tf_next.module.proxy.module.edge_proxy.aws_iam_role.lambda",
            "module.tf_next.module.proxy.module.edge_proxy.aws_lambda_function.this",
            "module.tf_next.module.proxy.module.edge_proxy.aws_s3_object.lambda_package",
            "module.tf_next.module.proxy.module.edge_proxy.data.aws_iam_policy_document.assume_role",
            "module.tf_next.module.proxy.module.edge_proxy.data.external.archive_prepare",
            "module.tf_next.module.proxy.module.edge_proxy.local_file.archive_plan",
            "module.tf_next.module.proxy.module.edge_proxy.null_resource.archive",
            "module.tf_next.module.proxy.module.proxy_package.data.external.download",
            "module.tf_next.module.proxy.module.proxy_package.data.external.this",
            "module.tf_next.module.proxy_config.aws_cloudfront_distribution.distribution",
            "module.tf_next.module.proxy_config.aws_cloudfront_origin_access_identity.this",
            "module.tf_next.module.proxy_config.aws_s3_bucket.proxy_config_store",
            "module.tf_next.module.proxy_config.data.aws_cloudfront_cache_policy.managed_caching_optimized_for_uncompressed_objects",
            "module.tf_next.module.proxy_config.data.aws_cloudfront_origin_request_policy.managed_cors_s3_origin",
            "module.tf_next.module.statics_deploy.aws_cloudfront_origin_access_identity.this",
            "module.tf_next.module.statics_deploy.aws_s3_bucket.static_deploy"
          ]
        }
      ]
    },
    {
      "module": "module.tf_next.module.next_image[0]",
      "mode": "data",
      "type": "aws_region",
      "name": "current",
      "provider": "provider[\"registry.terraform.io/hashicorp/aws\"]",
      "instances": [
        {
          "schema_version": 0,
          "attributes": {
            "description": "Asia Pacific (Mumbai)",
            "endpoint": "ec2.ap-south-1.amazonaws.com",
            "id": "ap-south-1",
            "name": "ap-south-1"
          },
          "sensitive_attributes": []
        }
      ]
    },
    {
      "module": "module.tf_next.module.next_image[0]",
      "mode": "managed",
      "type": "aws_cloudfront_cache_policy",
      "name": "this",
      "provider": "provider[\"registry.terraform.io/hashicorp/aws\"]",
      "instances": [
        {
          "schema_version": 0,
          "attributes": {
            "comment": "Managed by Terraform Next.js image optimizer",
            "default_ttl": 86400,
            "etag": "E23ZP02F085DFQ",
            "id": "9837d055-2e48-4faa-97e5-836935135c9b",
            "max_ttl": 31536000,
            "min_ttl": 0,
            "name": "tf-next_tfn-image_image-cache",
            "parameters_in_cache_key_and_forwarded_to_origin": [
              {
                "cookies_config": [
                  {
                    "cookie_behavior": "none",
                    "cookies": []
                  }
                ],
                "enable_accept_encoding_brotli": true,
                "enable_accept_encoding_gzip": true,
                "headers_config": [
                  {
                    "header_behavior": "whitelist",
                    "headers": [
                      {
                        "items": [
                          "accept"
                        ]
                      }
                    ]
                  }
                ],
                "query_strings_config": [
                  {
                    "query_string_behavior": "whitelist",
                    "query_strings": [
                      {
                        "items": [
                          "q",
                          "url",
                          "w"
                        ]
                      }
                    ]
                  }
                ]
              }
            ]
          },
          "sensitive_attributes": [],
          "private": "bnVsbA==",
          "dependencies": [
            "module.tf_next.module.statics_deploy.aws_s3_bucket.static_deploy"
          ]
        }
      ]
    },
    {
      "module": "module.tf_next.module.next_image[0]",
      "mode": "managed",
      "type": "aws_cloudfront_origin_request_policy",
      "name": "this",
      "provider": "provider[\"registry.terraform.io/hashicorp/aws\"]",
      "instances": [
        {
          "schema_version": 0,
          "attributes": {
            "comment": "Managed by Terraform Next.js image optimizer",
            "cookies_config": [
              {
                "cookie_behavior": "none",
                "cookies": []
              }
            ],
            "etag": "E23ZP02F085DFQ",
            "headers_config": [
              {
                "header_behavior": "whitelist",
                "headers": [
                  {
                    "items": [
                      "accept"
                    ]
                  }
                ]
              }
            ],
            "id": "7bb74e52-9eaa-4a72-a71d-ec193a5dc2a4",
            "name": "tf-next_tfn-image_request",
            "query_strings_config": [
              {
                "query_string_behavior": "whitelist",
                "query_strings": [
                  {
                    "items": [
                      "q",
                      "url",
                      "w"
                    ]
                  }
                ]
              }
            ]
          },
          "sensitive_attributes": [],
          "private": "bnVsbA==",
          "dependencies": [
            "module.tf_next.module.statics_deploy.aws_s3_bucket.static_deploy"
          ]
        }
      ]
    },
    {
      "module": "module.tf_next.module.next_image[0].module.api_gateway",
      "mode": "managed",
      "type": "aws_apigatewayv2_api",
      "name": "this",
      "provider": "provider[\"registry.terraform.io/hashicorp/aws\"]",
      "instances": [
        {
          "index_key": 0,
          "schema_version": 0,
          "attributes": {
            "api_endpoint": "https://3fdxfxqff7.execute-api.ap-south-1.amazonaws.com",
            "api_key_selection_expression": "$request.header.x-api-key",
            "arn": "arn:aws:apigateway:ap-south-1::/apis/3fdxfxqff7",
            "body": null,
            "cors_configuration": [],
            "credentials_arn": null,
            "description": "Managed by Terraform Next.js image optimizer",
            "disable_execute_api_endpoint": false,
            "execution_arn": "arn:aws:execute-api:ap-south-1:045329330416:3fdxfxqff7",
            "fail_on_warnings": null,
            "id": "3fdxfxqff7",
            "name": "tf-next_tfn-image",
            "protocol_type": "HTTP",
            "route_key": null,
            "route_selection_expression": "$request.method $request.path",
            "tags": {},
            "tags_all": {},
            "target": null,
            "version": ""
          },
          "sensitive_attributes": [],
          "private": "bnVsbA=="
        }
      ]
    },
    {
      "module": "module.tf_next.module.next_image[0].module.api_gateway",
      "mode": "managed",
      "type": "aws_apigatewayv2_integration",
      "name": "this",
      "provider": "provider[\"registry.terraform.io/hashicorp/aws\"]",
      "instances": [
        {
          "index_key": "GET /_next/{proxy+}",
          "schema_version": 0,
          "attributes": {
            "api_id": "3fdxfxqff7",
            "connection_id": "",
            "connection_type": "INTERNET",
            "content_handling_strategy": "",
            "credentials_arn": "",
            "description": "",
            "id": "tgxc62f",
            "integration_method": "POST",
            "integration_response_selection_expression": "",
            "integration_subtype": "",
            "integration_type": "AWS_PROXY",
            "integration_uri": "arn:aws:lambda:ap-south-1:045329330416:function:tf-next_tfn-image",
            "passthrough_behavior": "",
            "payload_format_version": "2.0",
            "request_parameters": null,
            "request_templates": null,
            "response_parameters": [],
            "template_selection_expression": "",
            "timeout_milliseconds": 30000,
            "tls_config": []
          },
          "sensitive_attributes": [],
          "private": "bnVsbA==",
          "dependencies": [
            "module.tf_next.module.next_image.module.api_gateway.aws_apigatewayv2_api.this",
            "module.tf_next.module.next_image.module.api_gateway.aws_apigatewayv2_vpc_link.this",
            "module.tf_next.module.next_image.module.image_optimizer.aws_cloudwatch_log_group.lambda",
            "module.tf_next.module.next_image.module.image_optimizer.aws_iam_role.lambda",
            "module.tf_next.module.next_image.module.image_optimizer.aws_lambda_function.this",
            "module.tf_next.module.next_image.module.image_optimizer.aws_s3_object.lambda_package",
            "module.tf_next.module.next_image.module.image_optimizer.data.external.archive_prepare",
            "module.tf_next.module.next_image.module.image_optimizer.null_resource.archive",
            "module.tf_next.module.next_image.module.lambda_content.data.external.download",
            "module.tf_next.module.next_image.module.lambda_content.data.external.this",
            "module.tf_next.module.statics_deploy.aws_s3_bucket.static_deploy"
          ]
        }
      ]
    },
    {
      "module": "module.tf_next.module.next_image[0].module.api_gateway",
      "mode": "managed",
      "type": "aws_apigatewayv2_route",
      "name": "this",
      "provider": "provider[\"registry.terraform.io/hashicorp/aws\"]",
      "instances": [
        {
          "index_key": "GET /_next/{proxy+}",
          "schema_version": 0,
          "attributes": {
            "api_id": "3fdxfxqff7",
            "api_key_required": false,
            "authorization_scopes": null,
            "authorization_type": "NONE",
            "authorizer_id": "",
            "id": "evxmu87",
            "model_selection_expression": "",
            "operation_name": "",
            "request_models": null,
            "request_parameter": [],
            "route_key": "GET /_next/{proxy+}",
            "route_response_selection_expression": "",
            "target": "integrations/tgxc62f"
          },
          "sensitive_attributes": [],
          "private": "bnVsbA==",
          "dependencies": [
            "module.tf_next.module.next_image.module.api_gateway.aws_apigatewayv2_api.this",
            "module.tf_next.module.next_image.module.api_gateway.aws_apigatewayv2_integration.this",
            "module.tf_next.module.next_image.module.api_gateway.aws_apigatewayv2_vpc_link.this",
            "module.tf_next.module.next_image.module.image_optimizer.aws_cloudwatch_log_group.lambda",
            "module.tf_next.module.next_image.module.image_optimizer.aws_iam_role.lambda",
            "module.tf_next.module.next_image.module.image_optimizer.aws_lambda_function.this",
            "module.tf_next.module.next_image.module.image_optimizer.aws_s3_object.lambda_package",
            "module.tf_next.module.next_image.module.image_optimizer.data.external.archive_prepare",
            "module.tf_next.module.next_image.module.image_optimizer.null_resource.archive",
            "module.tf_next.module.next_image.module.lambda_content.data.external.download",
            "module.tf_next.module.next_image.module.lambda_content.data.external.this",
            "module.tf_next.module.statics_deploy.aws_s3_bucket.static_deploy"
          ]
        }
      ]
    },
    {
      "module": "module.tf_next.module.next_image[0].module.api_gateway",
      "mode": "managed",
      "type": "aws_apigatewayv2_stage",
      "name": "default",
      "provider": "provider[\"registry.terraform.io/hashicorp/aws\"]",
      "instances": [
        {
          "index_key": 0,
          "schema_version": 0,
          "attributes": {
            "access_log_settings": [],
            "api_id": "3fdxfxqff7",
            "arn": "arn:aws:apigateway:ap-south-1::/apis/3fdxfxqff7/stages/$default",
            "auto_deploy": true,
            "client_certificate_id": "",
            "default_route_settings": [
              {
                "data_trace_enabled": false,
                "detailed_metrics_enabled": false,
                "logging_level": "",
                "throttling_burst_limit": 0,
                "throttling_rate_limit": 0
              }
            ],
            "deployment_id": "",
            "description": "",
            "execution_arn": "arn:aws:execute-api:ap-south-1:045329330416:3fdxfxqff7/$default",
            "id": "$default",
            "invoke_url": "https://3fdxfxqff7.execute-api.ap-south-1.amazonaws.com/",
            "name": "$default",
            "route_settings": [],
            "stage_variables": {},
            "tags": {},
            "tags_all": {}
          },
          "sensitive_attributes": [],
          "private": "bnVsbA==",
          "dependencies": [
            "module.tf_next.module.next_image.module.api_gateway.aws_apigatewayv2_api.this"
          ]
        }
      ]
    },
    {
      "module": "module.tf_next.module.next_image[0].module.image_optimizer",
      "mode": "data",
      "type": "aws_iam_policy_document",
      "name": "assume_role",
      "provider": "provider[\"registry.terraform.io/hashicorp/aws\"]",
      "instances": [
        {
          "index_key": 0,
          "schema_version": 0,
          "attributes": {
            "id": "3693445097",
            "json": "{\n  \"Version\": \"2012-10-17\",\n  \"Statement\": [\n    {\n      \"Sid\": \"\",\n      \"Effect\": \"Allow\",\n      \"Action\": \"sts:AssumeRole\",\n      \"Principal\": {\n        \"Service\": \"lambda.amazonaws.com\"\n      }\n    }\n  ]\n}",
            "override_json": null,
            "override_policy_documents": null,
            "policy_id": null,
            "source_json": null,
            "source_policy_documents": null,
            "statement": [
              {
                "actions": [
                  "sts:AssumeRole"
                ],
                "condition": [],
                "effect": "Allow",
                "not_actions": [],
                "not_principals": [],
                "not_resources": [],
                "principals": [
                  {
                    "identifiers": [
                      "lambda.amazonaws.com"
                    ],
                    "type": "Service"
                  }
                ],
                "resources": [],
                "sid": ""
              }
            ],
            "version": "2012-10-17"
          },
          "sensitive_attributes": []
        }
      ]
    },
    {
      "module": "module.tf_next.module.next_image[0].module.image_optimizer",
      "mode": "data",
      "type": "aws_iam_policy_document",
      "name": "logs",
      "provider": "provider[\"registry.terraform.io/hashicorp/aws\"]",
      "instances": [
        {
          "index_key": 0,
          "schema_version": 0,
          "attributes": {
            "id": "1052565381",
            "json": "{\n  \"Version\": \"2012-10-17\",\n  \"Statement\": [\n    {\n      \"Sid\": \"\",\n      \"Effect\": \"Allow\",\n      \"Action\": [\n        \"logs:PutLogEvents\",\n        \"logs:CreateLogStream\",\n        \"logs:CreateLogGroup\"\n      ],\n      \"Resource\": [\n        \"arn:aws:logs:ap-south-1:045329330416:log-group:/aws/lambda/tf-next_tfn-image:*:*\",\n        \"arn:aws:logs:ap-south-1:045329330416:log-group:/aws/lambda/tf-next_tfn-image:*\"\n      ]\n    }\n  ]\n}",
            "override_json": null,
            "override_policy_documents": null,
            "policy_id": null,
            "source_json": null,
            "source_policy_documents": null,
            "statement": [
              {
                "actions": [
                  "logs:CreateLogGroup",
                  "logs:CreateLogStream",
                  "logs:PutLogEvents"
                ],
                "condition": [],
                "effect": "Allow",
                "not_actions": [],
                "not_principals": [],
                "not_resources": [],
                "principals": [],
                "resources": [
                  "arn:aws:logs:ap-south-1:045329330416:log-group:/aws/lambda/tf-next_tfn-image:*",
                  "arn:aws:logs:ap-south-1:045329330416:log-group:/aws/lambda/tf-next_tfn-image:*:*"
                ],
                "sid": ""
              }
            ],
            "version": "2012-10-17"
          },
          "sensitive_attributes": []
        }
      ]
    },
    {
      "module": "module.tf_next.module.next_image[0].module.image_optimizer",
      "mode": "data",
      "type": "aws_partition",
      "name": "current",
      "provider": "provider[\"registry.terraform.io/hashicorp/aws\"]",
      "instances": [
        {
          "schema_version": 0,
          "attributes": {
            "dns_suffix": "amazonaws.com",
            "id": "aws",
            "partition": "aws",
            "reverse_dns_prefix": "com.amazonaws"
          },
          "sensitive_attributes": []
        }
      ]
    },
    {
      "module": "module.tf_next.module.next_image[0].module.image_optimizer",
      "mode": "managed",
      "type": "aws_cloudwatch_log_group",
      "name": "lambda",
      "provider": "provider[\"registry.terraform.io/hashicorp/aws\"]",
      "instances": [
        {
          "index_key": 0,
          "schema_version": 0,
          "attributes": {
            "arn": "arn:aws:logs:ap-south-1:045329330416:log-group:/aws/lambda/tf-next_tfn-image",
            "id": "/aws/lambda/tf-next_tfn-image",
            "kms_key_id": "",
            "name": "/aws/lambda/tf-next_tfn-image",
            "name_prefix": null,
            "retention_in_days": 30,
            "tags": {},
            "tags_all": {}
          },
          "sensitive_attributes": [],
          "private": "bnVsbA=="
        }
      ]
    },
    {
      "module": "module.tf_next.module.next_image[0].module.image_optimizer",
      "mode": "managed",
      "type": "aws_iam_policy",
      "name": "additional_json",
      "provider": "provider[\"registry.terraform.io/hashicorp/aws\"]",
      "instances": [
        {
          "index_key": 0,
          "schema_version": 0,
          "attributes": {
            "arn": "arn:aws:iam::045329330416:policy/tf-next_tfn-image",
            "description": "",
            "id": "arn:aws:iam::045329330416:policy/tf-next_tfn-image",
            "name": "tf-next_tfn-image",
            "name_prefix": null,
            "path": "/",
            "policy": "{\"Statement\":[{\"Action\":\"s3:GetObject\",\"Effect\":\"Allow\",\"Resource\":\"arn:aws:s3:::tf-next-tfn-static20220807042432966500000006/*\",\"Sid\":\"\"}],\"Version\":\"2012-10-17\"}",
            "policy_id": "ANPAQVDOWWDYDKFLJSFXK",
            "tags": {},
            "tags_all": {}
          },
          "sensitive_attributes": [],
          "private": "bnVsbA==",
          "dependencies": [
            "module.tf_next.data.aws_iam_policy_document.access_static_deployment",
            "module.tf_next.module.statics_deploy.aws_s3_bucket.static_deploy"
          ]
        }
      ]
    },
    {
      "module": "module.tf_next.module.next_image[0].module.image_optimizer",
      "mode": "managed",
      "type": "aws_iam_policy",
      "name": "logs",
      "provider": "provider[\"registry.terraform.io/hashicorp/aws\"]",
      "instances": [
        {
          "index_key": 0,
          "schema_version": 0,
          "attributes": {
            "arn": "arn:aws:iam::045329330416:policy/tf-next_tfn-image-logs",
            "description": "",
            "id": "arn:aws:iam::045329330416:policy/tf-next_tfn-image-logs",
            "name": "tf-next_tfn-image-logs",
            "name_prefix": null,
            "path": "/",
            "policy": "{\"Statement\":[{\"Action\":[\"logs:PutLogEvents\",\"logs:CreateLogStream\",\"logs:CreateLogGroup\"],\"Effect\":\"Allow\",\"Resource\":[\"arn:aws:logs:ap-south-1:045329330416:log-group:/aws/lambda/tf-next_tfn-image:*:*\",\"arn:aws:logs:ap-south-1:045329330416:log-group:/aws/lambda/tf-next_tfn-image:*\"],\"Sid\":\"\"}],\"Version\":\"2012-10-17\"}",
            "policy_id": "ANPAQVDOWWDYAN5VFOQ3Q",
            "tags": {},
            "tags_all": {}
          },
          "sensitive_attributes": [],
          "private": "bnVsbA==",
          "dependencies": [
            "module.tf_next.module.next_image.module.image_optimizer.aws_cloudwatch_log_group.lambda",
            "module.tf_next.module.next_image.module.image_optimizer.data.aws_arn.log_group_arn",
            "module.tf_next.module.next_image.module.image_optimizer.data.aws_cloudwatch_log_group.lambda",
            "module.tf_next.module.next_image.module.image_optimizer.data.aws_iam_policy_document.logs"
          ]
        }
      ]
    },
    {
      "module": "module.tf_next.module.next_image[0].module.image_optimizer",
      "mode": "managed",
      "type": "aws_iam_role",
      "name": "lambda",
      "provider": "provider[\"registry.terraform.io/hashicorp/aws\"]",
      "instances": [
        {
          "index_key": 0,
          "schema_version": 0,
          "attributes": {
            "arn": "arn:aws:iam::045329330416:role/tf-next_tfn-image",
            "assume_role_policy": "{\"Statement\":[{\"Action\":\"sts:AssumeRole\",\"Effect\":\"Allow\",\"Principal\":{\"Service\":\"lambda.amazonaws.com\"},\"Sid\":\"\"}],\"Version\":\"2012-10-17\"}",
            "create_date": "2022-08-07T04:24:34Z",
            "description": "",
            "force_detach_policies": true,
            "id": "tf-next_tfn-image",
            "inline_policy": [],
            "managed_policy_arns": [
              "arn:aws:iam::045329330416:policy/tf-next_tfn-image",
              "arn:aws:iam::045329330416:policy/tf-next_tfn-image-logs"
            ],
            "max_session_duration": 3600,
            "name": "tf-next_tfn-image",
            "name_prefix": "",
            "path": "/",
            "permissions_boundary": null,
            "tags": {},
            "tags_all": {},
            "unique_id": "AROAQVDOWWDYMDPLM77LN"
          },
          "sensitive_attributes": [],
          "private": "bnVsbA==",
          "dependencies": [
            "module.tf_next.module.next_image.module.image_optimizer.data.aws_iam_policy_document.assume_role"
          ]
        }
      ]
    },
    {
      "module": "module.tf_next.module.next_image[0].module.image_optimizer",
      "mode": "managed",
      "type": "aws_iam_role_policy_attachment",
      "name": "additional_json",
      "provider": "provider[\"registry.terraform.io/hashicorp/aws\"]",
      "instances": [
        {
          "index_key": 0,
          "schema_version": 0,
          "attributes": {
            "id": "tf-next_tfn-image-2022080704243724650000000c",
            "policy_arn": "arn:aws:iam::045329330416:policy/tf-next_tfn-image",
            "role": "tf-next_tfn-image"
          },
          "sensitive_attributes": [],
          "private": "bnVsbA==",
          "dependencies": [
            "module.tf_next.data.aws_iam_policy_document.access_static_deployment",
            "module.tf_next.module.next_image.module.image_optimizer.aws_iam_policy.additional_json",
            "module.tf_next.module.next_image.module.image_optimizer.aws_iam_role.lambda",
            "module.tf_next.module.next_image.module.image_optimizer.data.aws_iam_policy_document.assume_role",
            "module.tf_next.module.statics_deploy.aws_s3_bucket.static_deploy"
          ]
        }
      ]
    },
    {
      "module": "module.tf_next.module.next_image[0].module.image_optimizer",
      "mode": "managed",
      "type": "aws_iam_role_policy_attachment",
      "name": "logs",
      "provider": "provider[\"registry.terraform.io/hashicorp/aws\"]",
      "instances": [
        {
          "index_key": 0,
          "schema_version": 0,
          "attributes": {
            "id": "tf-next_tfn-image-20220807050256769300000001",
            "policy_arn": "arn:aws:iam::045329330416:policy/tf-next_tfn-image-logs",
            "role": "tf-next_tfn-image"
          },
          "sensitive_attributes": [],
          "private": "bnVsbA==",
          "dependencies": [
            "module.tf_next.module.next_image.module.image_optimizer.aws_cloudwatch_log_group.lambda",
            "module.tf_next.module.next_image.module.image_optimizer.aws_iam_policy.logs",
            "module.tf_next.module.next_image.module.image_optimizer.aws_iam_role.lambda",
            "module.tf_next.module.next_image.module.image_optimizer.data.aws_arn.log_group_arn",
            "module.tf_next.module.next_image.module.image_optimizer.data.aws_cloudwatch_log_group.lambda",
            "module.tf_next.module.next_image.module.image_optimizer.data.aws_iam_policy_document.assume_role",
            "module.tf_next.module.next_image.module.image_optimizer.data.aws_iam_policy_document.logs"
          ]
        }
      ]
    },
    {
      "module": "module.tf_next.module.next_image[0].module.image_optimizer",
      "mode": "managed",
      "type": "aws_lambda_function",
      "name": "this",
      "provider": "provider[\"registry.terraform.io/hashicorp/aws\"]",
      "instances": [
        {
          "index_key": 0,
          "schema_version": 0,
          "attributes": {
            "architectures": [
              "x86_64"
            ],
            "arn": "arn:aws:lambda:ap-south-1:045329330416:function:tf-next_tfn-image",
            "code_signing_config_arn": "",
            "dead_letter_config": [],
            "description": "Managed by Terraform Next.js image optimizer",
            "environment": [
              {
                "variables": {
                  "NODE_ENV": "production",
                  "TF_NEXTIMAGE_CONTENT_SECURITY_POLICY": "\"script-src 'none'; frame-src 'none'; sandbox;\"",
                  "TF_NEXTIMAGE_DEVICE_SIZES": "[]",
                  "TF_NEXTIMAGE_DOMAINS": "[]",
                  "TF_NEXTIMAGE_FORMATS": "[\"image/webp\"]",
                  "TF_NEXTIMAGE_IMAGE_SIZES": "[640,750,828,1080,1200,1920,2048,3840,16,32,48,64,96,128,256,384]",
                  "TF_NEXTIMAGE_SOURCE_BUCKET": "tf-next-tfn-static20220807042432966500000006"
                }
              }
            ],
            "ephemeral_storage": [
              {
                "size": 512
              }
            ],
            "file_system_config": [],
            "filename": ".terraform/modules/tf_next.next_image.lambda_content/download/@millihq/tf-next-image-optimization/dist.zip",
            "function_name": "tf-next_tfn-image",
            "handler": "handler.handler",
            "id": "tf-next_tfn-image",
            "image_config": [],
            "image_uri": "",
            "invoke_arn": "arn:aws:apigateway:ap-south-1:lambda:path/2015-03-31/functions/arn:aws:lambda:ap-south-1:045329330416:function:tf-next_tfn-image/invocations",
            "kms_key_arn": "",
            "last_modified": "2022-08-07T05:20:27.928+0000",
            "layers": null,
            "memory_size": 2048,
            "package_type": "Zip",
            "publish": true,
            "qualified_arn": "arn:aws:lambda:ap-south-1:045329330416:function:tf-next_tfn-image:2",
            "reserved_concurrent_executions": -1,
            "role": "arn:aws:iam::045329330416:role/tf-next_tfn-image",
            "runtime": "nodejs14.x",
            "s3_bucket": null,
            "s3_key": null,
            "s3_object_version": null,
            "signing_job_arn": "",
            "signing_profile_version_arn": "",
            "source_code_hash": "MWRPIKxh/KRBjTiempheturYB/h9fxqqsu6v7y5ovlg=",
            "source_code_size": 8367237,
            "tags": null,
            "tags_all": {},
            "timeout": 30,
            "timeouts": null,
            "tracing_config": [
              {
                "mode": "PassThrough"
              }
            ],
            "version": "2",
            "vpc_config": []
          },
          "sensitive_attributes": [],
          "private": "eyJlMmJmYjczMC1lY2FhLTExZTYtOGY4OC0zNDM2M2JjN2M0YzAiOnsiY3JlYXRlIjo2MDAwMDAwMDAwMDB9fQ==",
          "dependencies": [
            "module.tf_next.module.next_image.module.image_optimizer.aws_cloudwatch_log_group.lambda",
            "module.tf_next.module.next_image.module.image_optimizer.aws_iam_role.lambda",
            "module.tf_next.module.next_image.module.image_optimizer.aws_s3_object.lambda_package",
            "module.tf_next.module.next_image.module.image_optimizer.data.external.archive_prepare",
            "module.tf_next.module.next_image.module.image_optimizer.null_resource.archive",
            "module.tf_next.module.next_image.module.lambda_content.data.external.download",
            "module.tf_next.module.next_image.module.lambda_content.data.external.this",
            "module.tf_next.module.statics_deploy.aws_s3_bucket.static_deploy"
          ]
        }
      ]
    },
    {
      "module": "module.tf_next.module.next_image[0].module.image_optimizer",
      "mode": "managed",
      "type": "aws_lambda_permission",
      "name": "current_version_triggers",
      "provider": "provider[\"registry.terraform.io/hashicorp/aws\"]",
      "instances": [
        {
          "index_key": "AllowExecutionFromAPIGateway",
          "schema_version": 0,
          "attributes": {
            "action": "lambda:InvokeFunction",
            "event_source_token": null,
            "function_name": "tf-next_tfn-image",
            "function_url_auth_type": null,
            "id": "AllowExecutionFromAPIGateway",
            "principal": "apigateway.amazonaws.com",
            "principal_org_id": null,
            "qualifier": "2",
            "source_account": null,
            "source_arn": null,
            "statement_id": "AllowExecutionFromAPIGateway",
            "statement_id_prefix": ""
          },
          "sensitive_attributes": [],
          "private": "bnVsbA==",
          "dependencies": [
            "module.tf_next.module.next_image.module.api_gateway.aws_apigatewayv2_api.this",
            "module.tf_next.module.next_image.module.image_optimizer.aws_cloudwatch_log_group.lambda",
            "module.tf_next.module.next_image.module.image_optimizer.aws_iam_role.lambda",
            "module.tf_next.module.next_image.module.image_optimizer.aws_lambda_function.this",
            "module.tf_next.module.next_image.module.image_optimizer.aws_s3_object.lambda_package",
            "module.tf_next.module.next_image.module.image_optimizer.data.external.archive_prepare",
            "module.tf_next.module.next_image.module.image_optimizer.null_resource.archive",
            "module.tf_next.module.next_image.module.lambda_content.data.external.download",
            "module.tf_next.module.next_image.module.lambda_content.data.external.this",
            "module.tf_next.module.statics_deploy.aws_s3_bucket.static_deploy"
          ]
        }
      ]
    },
    {
      "module": "module.tf_next.module.next_image[0].module.image_optimizer",
      "mode": "managed",
      "type": "aws_lambda_permission",
      "name": "unqualified_alias_triggers",
      "provider": "provider[\"registry.terraform.io/hashicorp/aws\"]",
      "instances": [
        {
          "index_key": "AllowExecutionFromAPIGateway",
          "schema_version": 0,
          "attributes": {
            "action": "lambda:InvokeFunction",
            "event_source_token": null,
            "function_name": "tf-next_tfn-image",
            "function_url_auth_type": null,
            "id": "AllowExecutionFromAPIGateway",
            "principal": "apigateway.amazonaws.com",
            "principal_org_id": null,
            "qualifier": "",
            "source_account": null,
            "source_arn": null,
            "statement_id": "AllowExecutionFromAPIGateway",
            "statement_id_prefix": ""
          },
          "sensitive_attributes": [],
          "private": "bnVsbA==",
          "dependencies": [
            "module.tf_next.module.next_image.module.api_gateway.aws_apigatewayv2_api.this",
            "module.tf_next.module.next_image.module.image_optimizer.aws_cloudwatch_log_group.lambda",
            "module.tf_next.module.next_image.module.image_optimizer.aws_iam_role.lambda",
            "module.tf_next.module.next_image.module.image_optimizer.aws_lambda_function.this",
            "module.tf_next.module.next_image.module.image_optimizer.aws_s3_object.lambda_package",
            "module.tf_next.module.next_image.module.image_optimizer.data.external.archive_prepare",
            "module.tf_next.module.next_image.module.image_optimizer.null_resource.archive",
            "module.tf_next.module.next_image.module.lambda_content.data.external.download",
            "module.tf_next.module.next_image.module.lambda_content.data.external.this",
            "module.tf_next.module.statics_deploy.aws_s3_bucket.static_deploy"
          ]
        }
      ]
    },
    {
      "module": "module.tf_next.module.next_image[0].module.lambda_content",
      "mode": "data",
      "type": "external",
      "name": "download",
      "provider": "provider[\"registry.terraform.io/hashicorp/external\"]",
      "instances": [
        {
          "index_key": 0,
          "schema_version": 0,
          "attributes": {
            "id": "-",
            "program": [
              "bash",
              ".terraform/modules/tf_next.next_image.lambda_content/download.sh",
              "https://cdn.jsdelivr.net/npm/@millihq/tf-next-image-optimization@12.1.2/dist.zip",
              ".terraform/modules/tf_next.next_image.lambda_content/download/@millihq/tf-next-image-optimization/dist.zip"
            ],
            "query": null,
            "result": {
              "path": ".terraform/modules/tf_next.next_image.lambda_content/download/@millihq/tf-next-image-optimization/dist.zip"
            },
            "working_dir": null
          },
          "sensitive_attributes": []
        }
      ]
    },
    {
      "module": "module.tf_next.module.proxy.module.edge_proxy",
      "mode": "data",
      "type": "aws_arn",
      "name": "log_group_arn",
      "provider": "provider[\"registry.terraform.io/hashicorp/aws\"].global_region",
      "instances": [
        {
          "index_key": 0,
          "schema_version": 0,
          "attributes": {
            "account": "045329330416",
            "arn": "arn:aws:logs:us-east-1:045329330416:log-group:/aws/lambda/us-east-1.tf-next_tfn-proxy",
            "id": "arn:aws:logs:us-east-1:045329330416:log-group:/aws/lambda/us-east-1.tf-next_tfn-proxy",
            "partition": "aws",
            "region": "us-east-1",
            "resource": "log-group:/aws/lambda/us-east-1.tf-next_tfn-proxy",
            "service": "logs"
          },
          "sensitive_attributes": []
        }
      ]
    },
    {
      "module": "module.tf_next.module.proxy.module.edge_proxy",
      "mode": "data",
      "type": "aws_iam_policy_document",
      "name": "assume_role",
      "provider": "provider[\"registry.terraform.io/hashicorp/aws\"].global_region",
      "instances": [
        {
          "index_key": 0,
          "schema_version": 0,
          "attributes": {
            "id": "3454655979",
            "json": "{\n  \"Version\": \"2012-10-17\",\n  \"Statement\": [\n    {\n      \"Sid\": \"\",\n      \"Effect\": \"Allow\",\n      \"Action\": \"sts:AssumeRole\",\n      \"Principal\": {\n        \"Service\": [\n          \"lambda.amazonaws.com\",\n          \"edgelambda.amazonaws.com\"\n        ]\n      }\n    }\n  ]\n}",
            "override_json": null,
            "override_policy_documents": null,
            "policy_id": null,
            "source_json": null,
            "source_policy_documents": null,
            "statement": [
              {
                "actions": [
                  "sts:AssumeRole"
                ],
                "condition": [],
                "effect": "Allow",
                "not_actions": [],
                "not_principals": [],
                "not_resources": [],
                "principals": [
                  {
                    "identifiers": [
                      "edgelambda.amazonaws.com",
                      "lambda.amazonaws.com"
                    ],
                    "type": "Service"
                  }
                ],
                "resources": [],
                "sid": ""
              }
            ],
            "version": "2012-10-17"
          },
          "sensitive_attributes": []
        }
      ]
    },
    {
      "module": "module.tf_next.module.proxy.module.edge_proxy",
      "mode": "data",
      "type": "aws_iam_policy_document",
      "name": "logs",
      "provider": "provider[\"registry.terraform.io/hashicorp/aws\"].global_region",
      "instances": [
        {
          "index_key": 0,
          "schema_version": 0,
          "attributes": {
            "id": "570216244",
            "json": "{\n  \"Version\": \"2012-10-17\",\n  \"Statement\": [\n    {\n      \"Sid\": \"\",\n      \"Effect\": \"Allow\",\n      \"Action\": [\n        \"logs:PutLogEvents\",\n        \"logs:CreateLogStream\",\n        \"logs:CreateLogGroup\"\n      ],\n      \"Resource\": [\n        \"arn:aws:logs:*:045329330416:log-group:/aws/lambda/us-east-1.tf-next_tfn-proxy:*:*\",\n        \"arn:aws:logs:*:045329330416:log-group:/aws/lambda/us-east-1.tf-next_tfn-proxy:*\"\n      ]\n    }\n  ]\n}",
            "override_json": null,
            "override_policy_documents": null,
            "policy_id": null,
            "source_json": null,
            "source_policy_documents": null,
            "statement": [
              {
                "actions": [
                  "logs:CreateLogGroup",
                  "logs:CreateLogStream",
                  "logs:PutLogEvents"
                ],
                "condition": [],
                "effect": "Allow",
                "not_actions": [],
                "not_principals": [],
                "not_resources": [],
                "principals": [],
                "resources": [
                  "arn:aws:logs:*:045329330416:log-group:/aws/lambda/us-east-1.tf-next_tfn-proxy:*",
                  "arn:aws:logs:*:045329330416:log-group:/aws/lambda/us-east-1.tf-next_tfn-proxy:*:*"
                ],
                "sid": ""
              }
            ],
            "version": "2012-10-17"
          },
          "sensitive_attributes": []
        }
      ]
    },
    {
      "module": "module.tf_next.module.proxy.module.edge_proxy",
      "mode": "data",
      "type": "aws_partition",
      "name": "current",
      "provider": "provider[\"registry.terraform.io/hashicorp/aws\"].global_region",
      "instances": [
        {
          "schema_version": 0,
          "attributes": {
            "dns_suffix": "amazonaws.com",
            "id": "aws",
            "partition": "aws",
            "reverse_dns_prefix": "com.amazonaws"
          },
          "sensitive_attributes": []
        }
      ]
    },
    {
      "module": "module.tf_next.module.proxy.module.edge_proxy",
      "mode": "managed",
      "type": "aws_cloudwatch_log_group",
      "name": "lambda",
      "provider": "provider[\"registry.terraform.io/hashicorp/aws\"].global_region",
      "instances": [
        {
          "index_key": 0,
          "schema_version": 0,
          "attributes": {
            "arn": "arn:aws:logs:us-east-1:045329330416:log-group:/aws/lambda/us-east-1.tf-next_tfn-proxy",
            "id": "/aws/lambda/us-east-1.tf-next_tfn-proxy",
            "kms_key_id": "",
            "name": "/aws/lambda/us-east-1.tf-next_tfn-proxy",
            "name_prefix": null,
            "retention_in_days": 30,
            "tags": {},
            "tags_all": {}
          },
          "sensitive_attributes": [],
          "private": "bnVsbA=="
        }
      ]
    },
    {
      "module": "module.tf_next.module.proxy.module.edge_proxy",
      "mode": "managed",
      "type": "aws_iam_policy",
      "name": "logs",
      "provider": "provider[\"registry.terraform.io/hashicorp/aws\"].global_region",
      "instances": [
        {
          "index_key": 0,
          "schema_version": 0,
          "attributes": {
            "arn": "arn:aws:iam::045329330416:policy/tf-next_tfn-proxy-logs",
            "description": "",
            "id": "arn:aws:iam::045329330416:policy/tf-next_tfn-proxy-logs",
            "name": "tf-next_tfn-proxy-logs",
            "name_prefix": null,
            "path": "/",
            "policy": "{\"Statement\":[{\"Action\":[\"logs:PutLogEvents\",\"logs:CreateLogStream\",\"logs:CreateLogGroup\"],\"Effect\":\"Allow\",\"Resource\":[\"arn:aws:logs:*:045329330416:log-group:/aws/lambda/us-east-1.tf-next_tfn-proxy:*:*\",\"arn:aws:logs:*:045329330416:log-group:/aws/lambda/us-east-1.tf-next_tfn-proxy:*\"],\"Sid\":\"\"}],\"Version\":\"2012-10-17\"}",
            "policy_id": "ANPAQVDOWWDYHGLXIRQZY",
            "tags": {},
            "tags_all": {}
          },
          "sensitive_attributes": [],
          "private": "bnVsbA==",
          "dependencies": [
            "module.tf_next.module.proxy.module.edge_proxy.aws_cloudwatch_log_group.lambda",
            "module.tf_next.module.proxy.module.edge_proxy.data.aws_arn.log_group_arn",
            "module.tf_next.module.proxy.module.edge_proxy.data.aws_cloudwatch_log_group.lambda",
            "module.tf_next.module.proxy.module.edge_proxy.data.aws_iam_policy_document.logs"
          ]
        }
      ]
    },
    {
      "module": "module.tf_next.module.proxy.module.edge_proxy",
      "mode": "managed",
      "type": "aws_iam_role",
      "name": "lambda",
      "provider": "provider[\"registry.terraform.io/hashicorp/aws\"].global_region",
      "instances": [
        {
          "index_key": 0,
          "schema_version": 0,
          "attributes": {
            "arn": "arn:aws:iam::045329330416:role/tf-next_tfn-proxy",
            "assume_role_policy": "{\"Statement\":[{\"Action\":\"sts:AssumeRole\",\"Effect\":\"Allow\",\"Principal\":{\"Service\":[\"lambda.amazonaws.com\",\"edgelambda.amazonaws.com\"]},\"Sid\":\"\"}],\"Version\":\"2012-10-17\"}",
            "create_date": "2022-08-07T04:24:36Z",
            "description": "",
            "force_detach_policies": true,
            "id": "tf-next_tfn-proxy",
            "inline_policy": [],
            "managed_policy_arns": [
              "arn:aws:iam::045329330416:policy/tf-next_tfn-proxy-logs"
            ],
            "max_session_duration": 3600,
            "name": "tf-next_tfn-proxy",
            "name_prefix": "",
            "path": "/",
            "permissions_boundary": null,
            "tags": {},
            "tags_all": {},
            "unique_id": "AROAQVDOWWDYN4N2NJBST"
          },
          "sensitive_attributes": [],
          "private": "bnVsbA==",
          "dependencies": [
            "module.tf_next.module.proxy.module.edge_proxy.data.aws_iam_policy_document.assume_role"
          ]
        }
      ]
    },
    {
      "module": "module.tf_next.module.proxy.module.edge_proxy",
      "mode": "managed",
      "type": "aws_iam_role_policy_attachment",
      "name": "logs",
      "provider": "provider[\"registry.terraform.io/hashicorp/aws\"].global_region",
      "instances": [
        {
          "index_key": 0,
          "schema_version": 0,
          "attributes": {
            "id": "tf-next_tfn-proxy-20220807042439096100000001",
            "policy_arn": "arn:aws:iam::045329330416:policy/tf-next_tfn-proxy-logs",
            "role": "tf-next_tfn-proxy"
          },
          "sensitive_attributes": [],
          "private": "bnVsbA==",
          "dependencies": [
            "module.tf_next.module.proxy.module.edge_proxy.aws_cloudwatch_log_group.lambda",
            "module.tf_next.module.proxy.module.edge_proxy.aws_iam_policy.logs",
            "module.tf_next.module.proxy.module.edge_proxy.aws_iam_role.lambda",
            "module.tf_next.module.proxy.module.edge_proxy.data.aws_arn.log_group_arn",
            "module.tf_next.module.proxy.module.edge_proxy.data.aws_cloudwatch_log_group.lambda",
            "module.tf_next.module.proxy.module.edge_proxy.data.aws_iam_policy_document.assume_role",
            "module.tf_next.module.proxy.module.edge_proxy.data.aws_iam_policy_document.logs"
          ]
        }
      ]
    },
    {
      "module": "module.tf_next.module.proxy.module.edge_proxy",
      "mode": "managed",
      "type": "aws_lambda_function",
      "name": "this",
      "provider": "provider[\"registry.terraform.io/hashicorp/aws\"].global_region",
      "instances": [
        {
          "index_key": 0,
          "schema_version": 0,
          "attributes": {
            "architectures": [
              "x86_64"
            ],
            "arn": "arn:aws:lambda:us-east-1:045329330416:function:tf-next_tfn-proxy",
            "code_signing_config_arn": "",
            "dead_letter_config": [],
            "description": "Managed by Terraform Next.js",
            "environment": [],
            "ephemeral_storage": [
              {
                "size": 512
              }
            ],
            "file_system_config": [],
            "filename": ".terraform/modules/tf_next.proxy.proxy_package/download/@millihq/terraform-next-proxy/dist.zip",
            "function_name": "tf-next_tfn-proxy",
            "handler": "handler.handler",
            "id": "tf-next_tfn-proxy",
            "image_config": [],
            "image_uri": "",
            "invoke_arn": "arn:aws:apigateway:us-east-1:lambda:path/2015-03-31/functions/arn:aws:lambda:us-east-1:045329330416:function:tf-next_tfn-proxy/invocations",
            "kms_key_arn": "",
            "last_modified": "2022-08-07T04:24:45.165+0000",
            "layers": [],
            "memory_size": 128,
            "package_type": "Zip",
            "publish": true,
            "qualified_arn": "arn:aws:lambda:us-east-1:045329330416:function:tf-next_tfn-proxy:3",
            "reserved_concurrent_executions": -1,
            "role": "arn:aws:iam::045329330416:role/tf-next_tfn-proxy",
            "runtime": "nodejs14.x",
            "s3_bucket": null,
            "s3_key": null,
            "s3_object_version": null,
            "signing_job_arn": "",
            "signing_profile_version_arn": "",
            "source_code_hash": "K8sdMTMwSFZy8wIyHl1walCnBBR0Fol1K9PUAihfh8c=",
            "source_code_size": 88941,
            "tags": {},
            "tags_all": {},
            "timeout": 3,
            "timeouts": null,
            "tracing_config": [
              {
                "mode": "PassThrough"
              }
            ],
            "version": "3",
            "vpc_config": []
          },
          "sensitive_attributes": [],
          "private": "eyJlMmJmYjczMC1lY2FhLTExZTYtOGY4OC0zNDM2M2JjN2M0YzAiOnsiY3JlYXRlIjo2MDAwMDAwMDAwMDB9fQ==",
          "dependencies": [
            "module.tf_next.module.proxy.module.edge_proxy.aws_cloudwatch_log_group.lambda",
            "module.tf_next.module.proxy.module.edge_proxy.aws_iam_role.lambda",
            "module.tf_next.module.proxy.module.edge_proxy.aws_s3_object.lambda_package",
            "module.tf_next.module.proxy.module.edge_proxy.data.aws_iam_policy_document.assume_role",
            "module.tf_next.module.proxy.module.edge_proxy.data.external.archive_prepare",
            "module.tf_next.module.proxy.module.edge_proxy.local_file.archive_plan",
            "module.tf_next.module.proxy.module.edge_proxy.null_resource.archive",
            "module.tf_next.module.proxy.module.proxy_package.data.external.download",
            "module.tf_next.module.proxy.module.proxy_package.data.external.this"
          ]
        }
      ]
    },
    {
      "module": "module.tf_next.module.proxy.module.proxy_package",
      "mode": "data",
      "type": "external",
      "name": "download",
      "provider": "provider[\"registry.terraform.io/hashicorp/external\"]",
      "instances": [
        {
          "index_key": 0,
          "schema_version": 0,
          "attributes": {
            "id": "-",
            "program": [
              "bash",
              ".terraform/modules/tf_next.proxy.proxy_package/download.sh",
              "https://cdn.jsdelivr.net/npm/@millihq/terraform-next-proxy@0.13.2/dist.zip",
              ".terraform/modules/tf_next.proxy.proxy_package/download/@millihq/terraform-next-proxy/dist.zip"
            ],
            "query": null,
            "result": {
              "path": ".terraform/modules/tf_next.proxy.proxy_package/download/@millihq/terraform-next-proxy/dist.zip"
            },
            "working_dir": null
          },
          "sensitive_attributes": []
        }
      ]
    },
    {
      "module": "module.tf_next.module.proxy_config",
      "mode": "data",
      "type": "aws_cloudfront_cache_policy",
      "name": "managed_caching_optimized_for_uncompressed_objects",
      "provider": "provider[\"registry.terraform.io/hashicorp/aws\"]",
      "instances": [
        {
          "schema_version": 0,
          "attributes": {
            "comment": "Default policy when compression is disabled",
            "default_ttl": 86400,
            "etag": "E23ZP02F085DFQ",
            "id": "b2884449-e4de-46a7-ac36-70bc7f1ddd6d",
            "max_ttl": 31536000,
            "min_ttl": 1,
            "name": "Managed-CachingOptimizedForUncompressedObjects",
            "parameters_in_cache_key_and_forwarded_to_origin": [
              {
                "cookies_config": [
                  {
                    "cookie_behavior": "none",
                    "cookies": []
                  }
                ],
                "enable_accept_encoding_brotli": false,
                "enable_accept_encoding_gzip": false,
                "headers_config": [
                  {
                    "header_behavior": "none",
                    "headers": []
                  }
                ],
                "query_strings_config": [
                  {
                    "query_string_behavior": "none",
                    "query_strings": []
                  }
                ]
              }
            ]
          },
          "sensitive_attributes": []
        }
      ]
    },
    {
      "module": "module.tf_next.module.proxy_config",
      "mode": "data",
      "type": "aws_cloudfront_origin_request_policy",
      "name": "managed_cors_s3_origin",
      "provider": "provider[\"registry.terraform.io/hashicorp/aws\"]",
      "instances": [
        {
          "schema_version": 0,
          "attributes": {
            "comment": "Policy for S3 origin with CORS",
            "cookies_config": [
              {
                "cookie_behavior": "none",
                "cookies": []
              }
            ],
            "etag": "E23ZP02F085DFQ",
            "headers_config": [
              {
                "header_behavior": "whitelist",
                "headers": [
                  {
                    "items": [
                      "access-control-request-headers",
                      "access-control-request-method",
                      "origin"
                    ]
                  }
                ]
              }
            ],
            "id": "88a5eaf4-2fd4-4709-b370-b4c650ea3fcf",
            "name": "Managed-CORS-S3Origin",
            "query_strings_config": [
              {
                "query_string_behavior": "none",
                "query_strings": []
              }
            ]
          },
          "sensitive_attributes": []
        }
      ]
    },
    {
      "module": "module.tf_next.module.proxy_config",
      "mode": "data",
      "type": "aws_iam_policy_document",
      "name": "cf_access",
      "provider": "provider[\"registry.terraform.io/hashicorp/aws\"]",
      "instances": [
        {
          "schema_version": 0,
          "attributes": {
            "id": "1101576903",
            "json": "{\n  \"Version\": \"2012-10-17\",\n  \"Statement\": [\n    {\n      \"Sid\": \"\",\n      \"Effect\": \"Allow\",\n      \"Action\": \"s3:GetObject\",\n      \"Resource\": \"arn:aws:s3:::tf-next-tfn-config20220807042434201600000008/*\",\n      \"Principal\": {\n        \"AWS\": \"arn:aws:iam::cloudfront:user/CloudFront Origin Access Identity E3UJT4OSX0Q0HG\"\n      }\n    }\n  ]\n}",
            "override_json": null,
            "override_policy_documents": null,
            "policy_id": null,
            "source_json": null,
            "source_policy_documents": null,
            "statement": [
              {
                "actions": [
                  "s3:GetObject"
                ],
                "condition": [],
                "effect": "Allow",
                "not_actions": [],
                "not_principals": [],
                "not_resources": [],
                "principals": [
                  {
                    "identifiers": [
                      "arn:aws:iam::cloudfront:user/CloudFront Origin Access Identity E3UJT4OSX0Q0HG"
                    ],
                    "type": "AWS"
                  }
                ],
                "resources": [
                  "arn:aws:s3:::tf-next-tfn-config20220807042434201600000008/*"
                ],
                "sid": ""
              }
            ],
            "version": "2012-10-17"
          },
          "sensitive_attributes": []
        }
      ]
    },
    {
      "module": "module.tf_next.module.proxy_config",
      "mode": "managed",
      "type": "aws_cloudfront_distribution",
      "name": "distribution",
      "provider": "provider[\"registry.terraform.io/hashicorp/aws\"]",
      "instances": [
        {
          "schema_version": 1,
          "attributes": {
            "aliases": [],
            "arn": "arn:aws:cloudfront::045329330416:distribution/ELEV6CQOI9N94",
            "caller_reference": "terraform-2022080704243850540000000d",
            "comment": "tf-next - Proxy-Config",
            "custom_error_response": [],
            "default_cache_behavior": [
              {
                "allowed_methods": [
                  "GET",
                  "HEAD"
                ],
                "cache_policy_id": "b2884449-e4de-46a7-ac36-70bc7f1ddd6d",
                "cached_methods": [
                  "GET",
                  "HEAD"
                ],
                "compress": false,
                "default_ttl": 0,
                "field_level_encryption_id": "",
                "forwarded_values": [],
                "function_association": [],
                "lambda_function_association": [],
                "max_ttl": 0,
                "min_ttl": 0,
                "origin_request_policy_id": "88a5eaf4-2fd4-4709-b370-b4c650ea3fcf",
                "realtime_log_config_arn": "",
                "response_headers_policy_id": "",
                "smooth_streaming": false,
                "target_origin_id": "S3-Proxy-Config-tf-next-tfn-config20220807042434201600000008",
                "trusted_key_groups": [],
                "trusted_signers": [],
                "viewer_protocol_policy": "allow-all"
              }
            ],
            "default_root_object": "",
            "domain_name": "d1h9po3fyc8faq.cloudfront.net",
            "enabled": true,
            "etag": "E21QC9RZFXY9P5",
            "hosted_zone_id": "Z2FDTNDATAQYW2",
            "http_version": "http2",
            "id": "ELEV6CQOI9N94",
            "in_progress_validation_batches": 0,
            "is_ipv6_enabled": true,
            "last_modified_time": "2022-08-07 04:24:39.25 +0000 UTC",
            "logging_config": [],
            "ordered_cache_behavior": [],
            "origin": [
              {
                "connection_attempts": 3,
                "connection_timeout": 10,
                "custom_header": [],
                "custom_origin_config": [],
                "domain_name": "tf-next-tfn-config20220807042434201600000008.s3.ap-south-1.amazonaws.com",
                "origin_id": "S3-Proxy-Config-tf-next-tfn-config20220807042434201600000008",
                "origin_path": "",
                "origin_shield": [],
                "s3_origin_config": [
                  {
                    "origin_access_identity": "origin-access-identity/cloudfront/E3UJT4OSX0Q0HG"
                  }
                ]
              }
            ],
            "origin_group": [],
            "price_class": "PriceClass_100",
            "restrictions": [
              {
                "geo_restriction": [
                  {
                    "locations": [],
                    "restriction_type": "none"
                  }
                ]
              }
            ],
            "retain_on_delete": false,
            "status": "Deployed",
            "tags": {},
            "tags_all": {},
            "trusted_key_groups": [
              {
                "enabled": false,
                "items": []
              }
            ],
            "trusted_signers": [
              {
                "enabled": false,
                "items": []
              }
            ],
            "viewer_certificate": [
              {
                "acm_certificate_arn": "",
                "cloudfront_default_certificate": true,
                "iam_certificate_id": "",
                "minimum_protocol_version": "TLSv1",
                "ssl_support_method": ""
              }
            ],
            "wait_for_deployment": true,
            "web_acl_id": ""
          },
          "sensitive_attributes": [],
          "private": "eyJzY2hlbWFfdmVyc2lvbiI6IjEifQ==",
          "dependencies": [
            "module.tf_next.module.proxy_config.aws_cloudfront_origin_access_identity.this",
            "module.tf_next.module.proxy_config.aws_s3_bucket.proxy_config_store",
            "module.tf_next.module.proxy_config.data.aws_cloudfront_cache_policy.managed_caching_optimized_for_uncompressed_objects",
            "module.tf_next.module.proxy_config.data.aws_cloudfront_origin_request_policy.managed_cors_s3_origin"
          ]
        }
      ]
    },
    {
      "module": "module.tf_next.module.proxy_config",
      "mode": "managed",
      "type": "aws_cloudfront_origin_access_identity",
      "name": "this",
      "provider": "provider[\"registry.terraform.io/hashicorp/aws\"]",
      "instances": [
        {
          "schema_version": 0,
          "attributes": {
            "caller_reference": "terraform-2022080704243655470000000a",
            "cloudfront_access_identity_path": "origin-access-identity/cloudfront/E3UJT4OSX0Q0HG",
            "comment": "S3 CloudFront access tf-next-tfn-config20220807042434201600000008",
            "etag": "EZ1U1BSQ894QC",
            "iam_arn": "arn:aws:iam::cloudfront:user/CloudFront Origin Access Identity E3UJT4OSX0Q0HG",
            "id": "E3UJT4OSX0Q0HG",
            "s3_canonical_user_id": "b38a870cf3a8053ba0c1164cc94c617fedcef05a46f0b294adbaa7c520b18dabe4a8e57bce3496480e297a5f1f0b8e2c"
          },
          "sensitive_attributes": [],
          "private": "bnVsbA==",
          "dependencies": [
            "module.tf_next.module.proxy_config.aws_s3_bucket.proxy_config_store"
          ]
        }
      ]
    },
    {
      "module": "module.tf_next.module.proxy_config",
      "mode": "managed",
      "type": "aws_s3_bucket",
      "name": "proxy_config_store",
      "provider": "provider[\"registry.terraform.io/hashicorp/aws\"]",
      "instances": [
        {
          "schema_version": 0,
          "attributes": {
            "acceleration_status": "",
            "acl": null,
            "arn": "arn:aws:s3:::tf-next-tfn-config20220807042434201600000008",
            "bucket": "tf-next-tfn-config20220807042434201600000008",
            "bucket_domain_name": "tf-next-tfn-config20220807042434201600000008.s3.amazonaws.com",
            "bucket_prefix": "tf-next-tfn-config",
            "bucket_regional_domain_name": "tf-next-tfn-config20220807042434201600000008.s3.ap-south-1.amazonaws.com",
            "cors_rule": [],
            "force_destroy": true,
            "grant": [
              {
                "id": "f68b6b4039a48dda60bbff2b02f704b7317a8360e232aaaffadc12166a9e9385",
                "permissions": [
                  "FULL_CONTROL"
                ],
                "type": "CanonicalUser",
                "uri": ""
              }
            ],
            "hosted_zone_id": "Z11RGJOFQNVJUP",
            "id": "tf-next-tfn-config20220807042434201600000008",
            "lifecycle_rule": [],
            "logging": [],
            "object_lock_configuration": [],
            "object_lock_enabled": false,
            "policy": "{\"Version\":\"2012-10-17\",\"Statement\":[{\"Sid\":\"\",\"Effect\":\"Allow\",\"Principal\":{\"AWS\":\"arn:aws:iam::cloudfront:user/CloudFront Origin Access Identity E3UJT4OSX0Q0HG\"},\"Action\":\"s3:GetObject\",\"Resource\":\"arn:aws:s3:::tf-next-tfn-config20220807042434201600000008/*\"}]}",
            "region": "ap-south-1",
            "replication_configuration": [],
            "request_payer": "BucketOwner",
            "server_side_encryption_configuration": [],
            "tags": {},
            "tags_all": {},
            "versioning": [
              {
                "enabled": false,
                "mfa_delete": false
              }
            ],
            "website": [],
            "website_domain": null,
            "website_endpoint": null
          },
          "sensitive_attributes": [],
          "private": "bnVsbA=="
        }
      ]
    },
    {
      "module": "module.tf_next.module.proxy_config",
      "mode": "managed",
      "type": "aws_s3_bucket_acl",
      "name": "proxy_config_store",
      "provider": "provider[\"registry.terraform.io/hashicorp/aws\"]",
      "instances": [
        {
          "schema_version": 0,
          "attributes": {
            "access_control_policy": [
              {
                "grant": [
                  {
                    "grantee": [
                      {
                        "display_name": "",
                        "email_address": "",
                        "id": "f68b6b4039a48dda60bbff2b02f704b7317a8360e232aaaffadc12166a9e9385",
                        "type": "CanonicalUser",
                        "uri": ""
                      }
                    ],
                    "permission": "FULL_CONTROL"
                  }
                ],
                "owner": [
                  {
                    "display_name": "",
                    "id": "f68b6b4039a48dda60bbff2b02f704b7317a8360e232aaaffadc12166a9e9385"
                  }
                ]
              }
            ],
            "acl": "private",
            "bucket": "tf-next-tfn-config20220807042434201600000008",
            "expected_bucket_owner": "",
            "id": "tf-next-tfn-config20220807042434201600000008,private"
          },
          "sensitive_attributes": [],
          "private": "bnVsbA==",
          "dependencies": [
            "module.tf_next.module.proxy_config.aws_s3_bucket.proxy_config_store"
          ]
        }
      ]
    },
    {
      "module": "module.tf_next.module.proxy_config",
      "mode": "managed",
      "type": "aws_s3_bucket_policy",
      "name": "proxy_config_store_origin_access",
      "provider": "provider[\"registry.terraform.io/hashicorp/aws\"]",
      "instances": [
        {
          "schema_version": 0,
          "attributes": {
            "bucket": "tf-next-tfn-config20220807042434201600000008",
            "id": "tf-next-tfn-config20220807042434201600000008",
            "policy": "{\"Statement\":[{\"Action\":\"s3:GetObject\",\"Effect\":\"Allow\",\"Principal\":{\"AWS\":\"arn:aws:iam::cloudfront:user/CloudFront Origin Access Identity E3UJT4OSX0Q0HG\"},\"Resource\":\"arn:aws:s3:::tf-next-tfn-config20220807042434201600000008/*\",\"Sid\":\"\"}],\"Version\":\"2012-10-17\"}"
          },
          "sensitive_attributes": [],
          "private": "bnVsbA==",
          "dependencies": [
            "module.tf_next.module.proxy_config.aws_cloudfront_origin_access_identity.this",
            "module.tf_next.module.proxy_config.aws_s3_bucket.proxy_config_store",
            "module.tf_next.module.proxy_config.data.aws_iam_policy_document.cf_access"
          ]
        }
      ]
    },
    {
      "module": "module.tf_next.module.proxy_config",
      "mode": "managed",
      "type": "aws_s3_object",
      "name": "config_json",
      "provider": "provider[\"registry.terraform.io/hashicorp/aws\"]",
      "instances": [
        {
          "schema_version": 0,
          "attributes": {
            "acl": "private",
            "bucket": "tf-next-tfn-config20220807042434201600000008",
            "bucket_key_enabled": false,
            "cache_control": "max-age=900",
            "content": "{\"lambdaRoutes\":[\"/__NEXT_API_LAMBDA_0\"],\"prerenders\":{},\"routes\":[{\"continue\":true,\"headers\":{\"Location\":\"/$1\"},\"src\":\"^(?:\\\\/((?:[^\\\\/]+?)(?:\\\\/(?:[^\\\\/]+?))*))\\\\/$\",\"status\":308},{\"continue\":true,\"src\":\"/404\",\"status\":404},{\"handle\":\"filesystem\"},{\"check\":true,\"dest\":\"/__NEXT_API_LAMBDA_0\",\"headers\":{\"x-nextjs-page\":\"/api/hello\"},\"src\":\"^/api/hello/?$\"},{\"check\":true,\"dest\":\"/__NEXT_API_LAMBDA_0\",\"headers\":{\"x-nextjs-page\":\"/api/web/cache\"},\"src\":\"^/api/web/cache/?$\"},{\"handle\":\"resource\"},{\"src\":\"/.*\",\"status\":404},{\"handle\":\"miss\"},{\"handle\":\"rewrite\"},{\"check\":true,\"dest\":\"/__NEXT_API_LAMBDA_0\",\"headers\":{\"x-nextjs-page\":\"/api/hello\"},\"src\":\"^/api/hello/?$\"},{\"check\":true,\"dest\":\"/__NEXT_API_LAMBDA_0\",\"headers\":{\"x-nextjs-page\":\"/api/web/cache\"},\"src\":\"^/api/web/cache/?$\"},{\"handle\":\"hit\"},{\"handle\":\"error\"},{\"dest\":\"/404\",\"src\":\"/.*\",\"status\":404}],\"staticRoutes\":[\"/404\",\"/500\",\"/favicon.ico\",\"/vercel.svg\",\"/index\"]}",
            "content_base64": null,
            "content_disposition": "",
            "content_encoding": "",
            "content_language": "",
            "content_type": "application/json",
            "etag": "18010941b95c9381f60b1aa92f263e4e",
            "force_destroy": false,
            "id": "proxy-config.json",
            "key": "proxy-config.json",
            "kms_key_id": null,
            "metadata": {},
            "object_lock_legal_hold_status": "",
            "object_lock_mode": "",
            "object_lock_retain_until_date": "",
            "server_side_encryption": "",
            "source": null,
            "source_hash": null,
            "storage_class": "STANDARD",
            "tags": {},
            "tags_all": {},
            "version_id": "",
            "website_redirect": ""
          },
          "sensitive_attributes": [],
          "private": "bnVsbA==",
          "dependencies": [
            "module.tf_next.module.proxy_config.aws_s3_bucket.proxy_config_store"
          ]
        }
      ]
    },
    {
      "module": "module.tf_next.module.statics_deploy",
      "mode": "data",
      "type": "aws_iam_policy_document",
      "name": "access_sqs_queue",
      "provider": "provider[\"registry.terraform.io/hashicorp/aws\"]",
      "instances": [
        {
          "schema_version": 0,
          "attributes": {
            "id": "1563367893",
            "json": "{\n  \"Version\": \"2012-10-17\",\n  \"Statement\": [\n    {\n      \"Sid\": \"\",\n      \"Effect\": \"Allow\",\n      \"Action\": [\n        \"sqs:SendMessage\",\n        \"sqs:ReceiveMessage\",\n        \"sqs:GetQueueUrl\",\n        \"sqs:GetQueueAttributes\",\n        \"sqs:DeleteMessage\",\n        \"sqs:ChangeMessageVisibility\"\n      ],\n      \"Resource\": \"arn:aws:sqs:ap-south-1:045329330416:tf-next20220807042432966800000007\"\n    }\n  ]\n}",
            "override_json": null,
            "override_policy_documents": null,
            "policy_id": null,
            "source_json": null,
            "source_policy_documents": null,
            "statement": [
              {
                "actions": [
                  "sqs:ChangeMessageVisibility",
                  "sqs:DeleteMessage",
                  "sqs:GetQueueAttributes",
                  "sqs:GetQueueUrl",
                  "sqs:ReceiveMessage",
                  "sqs:SendMessage"
                ],
                "condition": [],
                "effect": "Allow",
                "not_actions": [],
                "not_principals": [],
                "not_resources": [],
                "principals": [],
                "resources": [
                  "arn:aws:sqs:ap-south-1:045329330416:tf-next20220807042432966800000007"
                ],
                "sid": ""
              }
            ],
            "version": "2012-10-17"
          },
          "sensitive_attributes": []
        }
      ]
    },
    {
      "module": "module.tf_next.module.statics_deploy",
      "mode": "data",
      "type": "aws_iam_policy_document",
      "name": "access_static_deploy",
      "provider": "provider[\"registry.terraform.io/hashicorp/aws\"]",
      "instances": [
        {
          "schema_version": 0,
          "attributes": {
            "id": "3343656092",
            "json": "{\n  \"Version\": \"2012-10-17\",\n  \"Statement\": [\n    {\n      \"Sid\": \"\",\n      \"Effect\": \"Allow\",\n      \"Action\": [\n        \"s3:PutObjectTagging\",\n        \"s3:PutObject\",\n        \"s3:ListBucket\",\n        \"s3:GetObjectTagging\",\n        \"s3:GetObject\",\n        \"s3:DeleteObject\"\n      ],\n      \"Resource\": [\n        \"arn:aws:s3:::tf-next-tfn-static20220807042432966500000006/*\",\n        \"arn:aws:s3:::tf-next-tfn-static20220807042432966500000006\"\n      ]\n    },\n    {\n      \"Sid\": \"\",\n      \"Effect\": \"Allow\",\n      \"Action\": \"cloudfront:CreateInvalidation\",\n      \"Resource\": \"arn:aws:cloudfront::045329330416:distribution/E27RZQYPX8LOHH\"\n    }\n  ]\n}",
            "override_json": null,
            "override_policy_documents": null,
            "policy_id": null,
            "source_json": null,
            "source_policy_documents": null,
            "statement": [
              {
                "actions": [
                  "s3:DeleteObject",
                  "s3:GetObject",
                  "s3:GetObjectTagging",
                  "s3:ListBucket",
                  "s3:PutObject",
                  "s3:PutObjectTagging"
                ],
                "condition": [],
                "effect": "Allow",
                "not_actions": [],
                "not_principals": [],
                "not_resources": [],
                "principals": [],
                "resources": [
                  "arn:aws:s3:::tf-next-tfn-static20220807042432966500000006",
                  "arn:aws:s3:::tf-next-tfn-static20220807042432966500000006/*"
                ],
                "sid": ""
              },
              {
                "actions": [
                  "cloudfront:CreateInvalidation"
                ],
                "condition": [],
                "effect": "Allow",
                "not_actions": [],
                "not_principals": [],
                "not_resources": [],
                "principals": [],
                "resources": [
                  "arn:aws:cloudfront::045329330416:distribution/E27RZQYPX8LOHH"
                ],
                "sid": ""
              }
            ],
            "version": "2012-10-17"
          },
          "sensitive_attributes": []
        }
      ]
    },
    {
      "module": "module.tf_next.module.statics_deploy",
      "mode": "data",
      "type": "aws_iam_policy_document",
      "name": "access_static_upload",
      "provider": "provider[\"registry.terraform.io/hashicorp/aws\"]",
      "instances": [
        {
          "schema_version": 0,
          "attributes": {
            "id": "4276235918",
            "json": "{\n  \"Version\": \"2012-10-17\",\n  \"Statement\": [\n    {\n      \"Sid\": \"\",\n      \"Effect\": \"Allow\",\n      \"Action\": [\n        \"s3:GetObjectVersion\",\n        \"s3:GetObject\",\n        \"s3:DeleteObjectVersion\",\n        \"s3:DeleteObject\"\n      ],\n      \"Resource\": \"arn:aws:s3:::tf-next-tfn-deploy20220807042432965700000005/*\"\n    }\n  ]\n}",
            "override_json": null,
            "override_policy_documents": null,
            "policy_id": null,
            "source_json": null,
            "source_policy_documents": null,
            "statement": [
              {
                "actions": [
                  "s3:DeleteObject",
                  "s3:DeleteObjectVersion",
                  "s3:GetObject",
                  "s3:GetObjectVersion"
                ],
                "condition": [],
                "effect": "Allow",
                "not_actions": [],
                "not_principals": [],
                "not_resources": [],
                "principals": [],
                "resources": [
                  "arn:aws:s3:::tf-next-tfn-deploy20220807042432965700000005/*"
                ],
                "sid": ""
              }
            ],
            "version": "2012-10-17"
          },
          "sensitive_attributes": []
        }
      ]
    },
    {
      "module": "module.tf_next.module.statics_deploy",
      "mode": "data",
      "type": "aws_iam_policy_document",
      "name": "cf_access",
      "provider": "provider[\"registry.terraform.io/hashicorp/aws\"]",
      "instances": [
        {
          "schema_version": 0,
          "attributes": {
            "id": "866871849",
            "json": "{\n  \"Version\": \"2012-10-17\",\n  \"Statement\": [\n    {\n      \"Sid\": \"\",\n      \"Effect\": \"Allow\",\n      \"Action\": \"s3:GetObject\",\n      \"Resource\": \"arn:aws:s3:::tf-next-tfn-static20220807042432966500000006/*\",\n      \"Principal\": {\n        \"AWS\": \"arn:aws:iam::cloudfront:user/CloudFront Origin Access Identity EA0CDVL6NXBMC\"\n      }\n    },\n    {\n      \"Sid\": \"\",\n      \"Effect\": \"Deny\",\n      \"Action\": \"s3:GetObject\",\n      \"Resource\": \"arn:aws:s3:::tf-next-tfn-static20220807042432966500000006/_tf-next/deployment.json\",\n      \"Principal\": {\n        \"AWS\": \"arn:aws:iam::cloudfront:user/CloudFront Origin Access Identity EA0CDVL6NXBMC\"\n      }\n    }\n  ]\n}",
            "override_json": null,
            "override_policy_documents": null,
            "policy_id": null,
            "source_json": null,
            "source_policy_documents": null,
            "statement": [
              {
                "actions": [
                  "s3:GetObject"
                ],
                "condition": [],
                "effect": "Allow",
                "not_actions": [],
                "not_principals": [],
                "not_resources": [],
                "principals": [
                  {
                    "identifiers": [
                      "arn:aws:iam::cloudfront:user/CloudFront Origin Access Identity EA0CDVL6NXBMC"
                    ],
                    "type": "AWS"
                  }
                ],
                "resources": [
                  "arn:aws:s3:::tf-next-tfn-static20220807042432966500000006/*"
                ],
                "sid": ""
              },
              {
                "actions": [
                  "s3:GetObject"
                ],
                "condition": [],
                "effect": "Deny",
                "not_actions": [],
                "not_principals": [],
                "not_resources": [],
                "principals": [
                  {
                    "identifiers": [
                      "arn:aws:iam::cloudfront:user/CloudFront Origin Access Identity EA0CDVL6NXBMC"
                    ],
                    "type": "AWS"
                  }
                ],
                "resources": [
                  "arn:aws:s3:::tf-next-tfn-static20220807042432966500000006/_tf-next/deployment.json"
                ],
                "sid": ""
              }
            ],
            "version": "2012-10-17"
          },
          "sensitive_attributes": []
        }
      ]
    },
    {
      "module": "module.tf_next.module.statics_deploy",
      "mode": "data",
      "type": "aws_iam_policy_document",
      "name": "sqs_queue",
      "provider": "provider[\"registry.terraform.io/hashicorp/aws\"]",
      "instances": [
        {
          "schema_version": 0,
          "attributes": {
            "id": "393190082",
            "json": "{\n  \"Version\": \"2012-10-17\",\n  \"Statement\": [\n    {\n      \"Sid\": \"\",\n      \"Effect\": \"Allow\",\n      \"Action\": \"sqs:SendMessage\",\n      \"Resource\": \"arn:aws:lambda:ap-south-1:045329330416:function:tf-next_tfn-deploy\",\n      \"Principal\": {\n        \"AWS\": \"*\"\n      },\n      \"Condition\": {\n        \"ArnEquals\": {\n          \"aws:SourceArn\": [\n            \"arn:aws:sns:ap-south-1:045329330416:tf-next20220807042432962600000003\",\n            \"arn:aws:lambda:ap-south-1:045329330416:function:tf-next_tfn-deploy\"\n          ]\n        }\n      }\n    }\n  ]\n}",
            "override_json": null,
            "override_policy_documents": null,
            "policy_id": null,
            "source_json": null,
            "source_policy_documents": null,
            "statement": [
              {
                "actions": [
                  "sqs:SendMessage"
                ],
                "condition": [
                  {
                    "test": "ArnEquals",
                    "values": [
                      "arn:aws:sns:ap-south-1:045329330416:tf-next20220807042432962600000003",
                      "arn:aws:lambda:ap-south-1:045329330416:function:tf-next_tfn-deploy"
                    ],
                    "variable": "aws:SourceArn"
                  }
                ],
                "effect": "Allow",
                "not_actions": [],
                "not_principals": [],
                "not_resources": [],
                "principals": [
                  {
                    "identifiers": [
                      "*"
                    ],
                    "type": "AWS"
                  }
                ],
                "resources": [
                  "arn:aws:lambda:ap-south-1:045329330416:function:tf-next_tfn-deploy"
                ],
                "sid": ""
              }
            ],
            "version": "2012-10-17"
          },
          "sensitive_attributes": []
        }
      ]
    },
    {
      "module": "module.tf_next.module.statics_deploy",
      "mode": "managed",
      "type": "aws_cloudfront_origin_access_identity",
      "name": "this",
      "provider": "provider[\"registry.terraform.io/hashicorp/aws\"]",
      "instances": [
        {
          "schema_version": 0,
          "attributes": {
            "caller_reference": "terraform-20220807042434938500000009",
            "cloudfront_access_identity_path": "origin-access-identity/cloudfront/EA0CDVL6NXBMC",
            "comment": "S3 CloudFront access tf-next-tfn-static20220807042432966500000006",
            "etag": "ET8NGYNM6W3HS",
            "iam_arn": "arn:aws:iam::cloudfront:user/CloudFront Origin Access Identity EA0CDVL6NXBMC",
            "id": "EA0CDVL6NXBMC",
            "s3_canonical_user_id": "f6160e8a4614bb3742032094c71ac6e604fa7cb32e62949b8989a2ac5886e8f826b4c68bee0bf7e7da9b3bb6080286ae"
          },
          "sensitive_attributes": [],
          "private": "bnVsbA==",
          "dependencies": [
            "module.tf_next.module.statics_deploy.aws_s3_bucket.static_deploy"
          ]
        }
      ]
    },
    {
      "module": "module.tf_next.module.statics_deploy",
      "mode": "managed",
      "type": "aws_s3_bucket",
      "name": "static_deploy",
      "provider": "provider[\"registry.terraform.io/hashicorp/aws\"]",
      "instances": [
        {
          "schema_version": 0,
          "attributes": {
            "acceleration_status": "",
            "acl": null,
            "arn": "arn:aws:s3:::tf-next-tfn-static20220807042432966500000006",
            "bucket": "tf-next-tfn-static20220807042432966500000006",
            "bucket_domain_name": "tf-next-tfn-static20220807042432966500000006.s3.amazonaws.com",
            "bucket_prefix": "tf-next-tfn-static",
            "bucket_regional_domain_name": "tf-next-tfn-static20220807042432966500000006.s3.ap-south-1.amazonaws.com",
            "cors_rule": [],
            "force_destroy": true,
            "grant": [
              {
                "id": "f68b6b4039a48dda60bbff2b02f704b7317a8360e232aaaffadc12166a9e9385",
                "permissions": [
                  "FULL_CONTROL"
                ],
                "type": "CanonicalUser",
                "uri": ""
              }
            ],
            "hosted_zone_id": "Z11RGJOFQNVJUP",
            "id": "tf-next-tfn-static20220807042432966500000006",
            "lifecycle_rule": [
              {
                "abort_incomplete_multipart_upload_days": 0,
                "enabled": true,
                "expiration": [
                  {
                    "date": "",
                    "days": 30,
                    "expired_object_delete_marker": false
                  }
                ],
                "id": "Expire static assets",
                "noncurrent_version_expiration": [],
                "noncurrent_version_transition": [],
                "prefix": "",
                "tags": {
                  "tfnextExpire": "true"
                },
                "transition": []
              }
            ],
            "logging": [],
            "object_lock_configuration": [],
            "object_lock_enabled": false,
            "policy": "{\"Version\":\"2012-10-17\",\"Statement\":[{\"Sid\":\"\",\"Effect\":\"Allow\",\"Principal\":{\"AWS\":\"arn:aws:iam::cloudfront:user/CloudFront Origin Access Identity EA0CDVL6NXBMC\"},\"Action\":\"s3:GetObject\",\"Resource\":\"arn:aws:s3:::tf-next-tfn-static20220807042432966500000006/*\"},{\"Sid\":\"\",\"Effect\":\"Deny\",\"Principal\":{\"AWS\":\"arn:aws:iam::cloudfront:user/CloudFront Origin Access Identity EA0CDVL6NXBMC\"},\"Action\":\"s3:GetObject\",\"Resource\":\"arn:aws:s3:::tf-next-tfn-static20220807042432966500000006/_tf-next/deployment.json\"}]}",
            "region": "ap-south-1",
            "replication_configuration": [],
            "request_payer": "BucketOwner",
            "server_side_encryption_configuration": [],
            "tags": {},
            "tags_all": {},
            "versioning": [
              {
                "enabled": false,
                "mfa_delete": false
              }
            ],
            "website": [],
            "website_domain": null,
            "website_endpoint": null
          },
          "sensitive_attributes": [],
          "private": "bnVsbA=="
        }
      ]
    },
    {
      "module": "module.tf_next.module.statics_deploy",
      "mode": "managed",
      "type": "aws_s3_bucket",
      "name": "static_upload",
      "provider": "provider[\"registry.terraform.io/hashicorp/aws\"]",
      "instances": [
        {
          "schema_version": 0,
          "attributes": {
            "acceleration_status": "",
            "acl": null,
            "arn": "arn:aws:s3:::tf-next-tfn-deploy20220807042432965700000005",
            "bucket": "tf-next-tfn-deploy20220807042432965700000005",
            "bucket_domain_name": "tf-next-tfn-deploy20220807042432965700000005.s3.amazonaws.com",
            "bucket_prefix": "tf-next-tfn-deploy",
            "bucket_regional_domain_name": "tf-next-tfn-deploy20220807042432965700000005.s3.ap-south-1.amazonaws.com",
            "cors_rule": [],
            "force_destroy": true,
            "grant": [
              {
                "id": "f68b6b4039a48dda60bbff2b02f704b7317a8360e232aaaffadc12166a9e9385",
                "permissions": [
                  "FULL_CONTROL"
                ],
                "type": "CanonicalUser",
                "uri": ""
              }
            ],
            "hosted_zone_id": "Z11RGJOFQNVJUP",
            "id": "tf-next-tfn-deploy20220807042432965700000005",
            "lifecycle_rule": [],
            "logging": [],
            "object_lock_configuration": [],
            "object_lock_enabled": false,
            "policy": "",
            "region": "ap-south-1",
            "replication_configuration": [],
            "request_payer": "BucketOwner",
            "server_side_encryption_configuration": [],
            "tags": {},
            "tags_all": {},
            "versioning": [
              {
                "enabled": true,
                "mfa_delete": false
              }
            ],
            "website": [],
            "website_domain": null,
            "website_endpoint": null
          },
          "sensitive_attributes": [],
          "private": "bnVsbA=="
        }
      ]
    },
    {
      "module": "module.tf_next.module.statics_deploy",
      "mode": "managed",
      "type": "aws_s3_bucket_acl",
      "name": "static_deploy",
      "provider": "provider[\"registry.terraform.io/hashicorp/aws\"]",
      "instances": [
        {
          "schema_version": 0,
          "attributes": {
            "access_control_policy": [
              {
                "grant": [
                  {
                    "grantee": [
                      {
                        "display_name": "",
                        "email_address": "",
                        "id": "f68b6b4039a48dda60bbff2b02f704b7317a8360e232aaaffadc12166a9e9385",
                        "type": "CanonicalUser",
                        "uri": ""
                      }
                    ],
                    "permission": "FULL_CONTROL"
                  }
                ],
                "owner": [
                  {
                    "display_name": "",
                    "id": "f68b6b4039a48dda60bbff2b02f704b7317a8360e232aaaffadc12166a9e9385"
                  }
                ]
              }
            ],
            "acl": "private",
            "bucket": "tf-next-tfn-static20220807042432966500000006",
            "expected_bucket_owner": "",
            "id": "tf-next-tfn-static20220807042432966500000006,private"
          },
          "sensitive_attributes": [],
          "private": "bnVsbA==",
          "dependencies": [
            "module.tf_next.module.statics_deploy.aws_s3_bucket.static_deploy"
          ]
        }
      ]
    },
    {
      "module": "module.tf_next.module.statics_deploy",
      "mode": "managed",
      "type": "aws_s3_bucket_acl",
      "name": "static_upload",
      "provider": "provider[\"registry.terraform.io/hashicorp/aws\"]",
      "instances": [
        {
          "schema_version": 0,
          "attributes": {
            "access_control_policy": [
              {
                "grant": [
                  {
                    "grantee": [
                      {
                        "display_name": "",
                        "email_address": "",
                        "id": "f68b6b4039a48dda60bbff2b02f704b7317a8360e232aaaffadc12166a9e9385",
                        "type": "CanonicalUser",
                        "uri": ""
                      }
                    ],
                    "permission": "FULL_CONTROL"
                  }
                ],
                "owner": [
                  {
                    "display_name": "",
                    "id": "f68b6b4039a48dda60bbff2b02f704b7317a8360e232aaaffadc12166a9e9385"
                  }
                ]
              }
            ],
            "acl": "private",
            "bucket": "tf-next-tfn-deploy20220807042432965700000005",
            "expected_bucket_owner": "",
            "id": "tf-next-tfn-deploy20220807042432965700000005,private"
          },
          "sensitive_attributes": [],
          "private": "bnVsbA==",
          "dependencies": [
            "module.tf_next.module.statics_deploy.aws_s3_bucket.static_upload"
          ]
        }
      ]
    },
    {
      "module": "module.tf_next.module.statics_deploy",
      "mode": "managed",
      "type": "aws_s3_bucket_lifecycle_configuration",
      "name": "static_deploy",
      "provider": "provider[\"registry.terraform.io/hashicorp/aws\"]",
      "instances": [
        {
          "schema_version": 0,
          "attributes": {
            "bucket": "tf-next-tfn-static20220807042432966500000006",
            "expected_bucket_owner": "",
            "id": "tf-next-tfn-static20220807042432966500000006",
            "rule": [
              {
                "abort_incomplete_multipart_upload": [],
                "expiration": [
                  {
                    "date": "",
                    "days": 30,
                    "expired_object_delete_marker": false
                  }
                ],
                "filter": [
                  {
                    "and": [],
                    "object_size_greater_than": "",
                    "object_size_less_than": "",
                    "prefix": "",
                    "tag": [
                      {
                        "key": "tfnextExpire",
                        "value": "true"
                      }
                    ]
                  }
                ],
                "id": "Expire static assets",
                "noncurrent_version_expiration": [],
                "noncurrent_version_transition": [],
                "prefix": "",
                "status": "Enabled",
                "transition": []
              }
            ]
          },
          "sensitive_attributes": [],
          "private": "bnVsbA==",
          "dependencies": [
            "module.tf_next.module.statics_deploy.aws_s3_bucket.static_deploy"
          ]
        }
      ]
    },
    {
      "module": "module.tf_next.module.statics_deploy",
      "mode": "managed",
      "type": "aws_s3_bucket_notification",
      "name": "on_create",
      "provider": "provider[\"registry.terraform.io/hashicorp/aws\"]",
      "instances": [
        {
          "schema_version": 0,
          "attributes": {
            "bucket": "tf-next-tfn-deploy20220807042432965700000005",
            "eventbridge": false,
            "id": "tf-next-tfn-deploy20220807042432965700000005",
            "lambda_function": [
              {
                "events": [
                  "s3:ObjectCreated:*"
                ],
                "filter_prefix": "",
                "filter_suffix": "",
                "id": "tf-s3-lambda-20220807052019674300000001",
                "lambda_function_arn": "arn:aws:lambda:ap-south-1:045329330416:function:tf-next_tfn-deploy"
              }
            ],
            "queue": [],
            "topic": []
          },
          "sensitive_attributes": [],
          "private": "bnVsbA==",
          "dependencies": [
            "module.tf_next.module.cloudfront_main.aws_cloudfront_distribution.distribution",
            "module.tf_next.module.statics_deploy.aws_s3_bucket.static_deploy",
            "module.tf_next.module.statics_deploy.aws_s3_bucket.static_upload",
            "module.tf_next.module.statics_deploy.aws_sqs_queue.this",
            "module.tf_next.module.statics_deploy.module.deploy_trigger.aws_cloudwatch_log_group.lambda",
            "module.tf_next.module.statics_deploy.module.deploy_trigger.aws_iam_role.lambda",
            "module.tf_next.module.statics_deploy.module.deploy_trigger.aws_lambda_function.this",
            "module.tf_next.module.statics_deploy.module.deploy_trigger.aws_s3_object.lambda_package",
            "module.tf_next.module.statics_deploy.module.deploy_trigger.data.external.archive_prepare",
            "module.tf_next.module.statics_deploy.module.deploy_trigger.null_resource.archive",
            "module.tf_next.module.statics_deploy.module.lambda_content.data.external.download",
            "module.tf_next.module.statics_deploy.module.lambda_content.data.external.this"
          ]
        }
      ]
    },
    {
      "module": "module.tf_next.module.statics_deploy",
      "mode": "managed",
      "type": "aws_s3_bucket_policy",
      "name": "origin_access",
      "provider": "provider[\"registry.terraform.io/hashicorp/aws\"]",
      "instances": [
        {
          "schema_version": 0,
          "attributes": {
            "bucket": "tf-next-tfn-static20220807042432966500000006",
            "id": "tf-next-tfn-static20220807042432966500000006",
            "policy": "{\"Statement\":[{\"Action\":\"s3:GetObject\",\"Effect\":\"Allow\",\"Principal\":{\"AWS\":\"arn:aws:iam::cloudfront:user/CloudFront Origin Access Identity EA0CDVL6NXBMC\"},\"Resource\":\"arn:aws:s3:::tf-next-tfn-static20220807042432966500000006/*\",\"Sid\":\"\"},{\"Action\":\"s3:GetObject\",\"Effect\":\"Deny\",\"Principal\":{\"AWS\":\"arn:aws:iam::cloudfront:user/CloudFront Origin Access Identity EA0CDVL6NXBMC\"},\"Resource\":\"arn:aws:s3:::tf-next-tfn-static20220807042432966500000006/_tf-next/deployment.json\",\"Sid\":\"\"}],\"Version\":\"2012-10-17\"}"
          },
          "sensitive_attributes": [],
          "private": "bnVsbA==",
          "dependencies": [
            "module.tf_next.module.statics_deploy.aws_cloudfront_origin_access_identity.this",
            "module.tf_next.module.statics_deploy.aws_s3_bucket.static_deploy",
            "module.tf_next.module.statics_deploy.data.aws_iam_policy_document.cf_access"
          ]
        }
      ]
    },
    {
      "module": "module.tf_next.module.statics_deploy",
      "mode": "managed",
      "type": "aws_s3_bucket_versioning",
      "name": "static_upload",
      "provider": "provider[\"registry.terraform.io/hashicorp/aws\"]",
      "instances": [
        {
          "schema_version": 0,
          "attributes": {
            "bucket": "tf-next-tfn-deploy20220807042432965700000005",
            "expected_bucket_owner": "",
            "id": "tf-next-tfn-deploy20220807042432965700000005",
            "mfa": null,
            "versioning_configuration": [
              {
                "mfa_delete": "",
                "status": "Enabled"
              }
            ]
          },
          "sensitive_attributes": [],
          "private": "bnVsbA==",
          "dependencies": [
            "module.tf_next.module.statics_deploy.aws_s3_bucket.static_upload"
          ]
        }
      ]
    },
    {
      "module": "module.tf_next.module.statics_deploy",
      "mode": "managed",
      "type": "aws_sns_topic",
      "name": "this",
      "provider": "provider[\"registry.terraform.io/hashicorp/aws\"]",
      "instances": [
        {
          "schema_version": 0,
          "attributes": {
            "application_failure_feedback_role_arn": "",
            "application_success_feedback_role_arn": "",
            "application_success_feedback_sample_rate": 0,
            "arn": "arn:aws:sns:ap-south-1:045329330416:tf-next20220807042432962600000003",
            "content_based_deduplication": false,
            "delivery_policy": "",
            "display_name": "",
            "fifo_topic": false,
            "firehose_failure_feedback_role_arn": "",
            "firehose_success_feedback_role_arn": "",
            "firehose_success_feedback_sample_rate": 0,
            "http_failure_feedback_role_arn": "",
            "http_success_feedback_role_arn": "",
            "http_success_feedback_sample_rate": 0,
            "id": "arn:aws:sns:ap-south-1:045329330416:tf-next20220807042432962600000003",
            "kms_master_key_id": "",
            "lambda_failure_feedback_role_arn": "",
            "lambda_success_feedback_role_arn": "",
            "lambda_success_feedback_sample_rate": 0,
            "name": "tf-next20220807042432962600000003",
            "name_prefix": "tf-next",
            "owner": "045329330416",
            "policy": "{\"Version\":\"2008-10-17\",\"Id\":\"__default_policy_ID\",\"Statement\":[{\"Sid\":\"__default_statement_ID\",\"Effect\":\"Allow\",\"Principal\":{\"AWS\":\"*\"},\"Action\":[\"SNS:GetTopicAttributes\",\"SNS:SetTopicAttributes\",\"SNS:AddPermission\",\"SNS:RemovePermission\",\"SNS:DeleteTopic\",\"SNS:Subscribe\",\"SNS:ListSubscriptionsByTopic\",\"SNS:Publish\"],\"Resource\":\"arn:aws:sns:ap-south-1:045329330416:tf-next20220807042432962600000003\",\"Condition\":{\"StringEquals\":{\"AWS:SourceOwner\":\"045329330416\"}}}]}",
            "sqs_failure_feedback_role_arn": "",
            "sqs_success_feedback_role_arn": "",
            "sqs_success_feedback_sample_rate": 0,
            "tags": {},
            "tags_all": {}
          },
          "sensitive_attributes": [],
          "private": "bnVsbA=="
        }
      ]
    },
    {
      "module": "module.tf_next.module.statics_deploy",
      "mode": "managed",
      "type": "aws_sns_topic_subscription",
      "name": "this",
      "provider": "provider[\"registry.terraform.io/hashicorp/aws\"]",
      "instances": [
        {
          "schema_version": 0,
          "attributes": {
            "arn": "arn:aws:sns:ap-south-1:045329330416:tf-next20220807042432962600000003:20efcd16-6456-4f81-a7f1-8bcc0f021469",
            "confirmation_timeout_in_minutes": 1,
            "confirmation_was_authenticated": true,
            "delivery_policy": "",
            "endpoint": "arn:aws:sqs:ap-south-1:045329330416:tf-next20220807042432966800000007",
            "endpoint_auto_confirms": false,
            "filter_policy": "",
            "id": "arn:aws:sns:ap-south-1:045329330416:tf-next20220807042432962600000003:20efcd16-6456-4f81-a7f1-8bcc0f021469",
            "owner_id": "045329330416",
            "pending_confirmation": false,
            "protocol": "sqs",
            "raw_message_delivery": false,
            "redrive_policy": "",
            "subscription_role_arn": "",
            "topic_arn": "arn:aws:sns:ap-south-1:045329330416:tf-next20220807042432962600000003"
          },
          "sensitive_attributes": [],
          "private": "bnVsbA==",
          "dependencies": [
            "module.tf_next.module.statics_deploy.aws_sns_topic.this",
            "module.tf_next.module.statics_deploy.aws_sqs_queue.this"
          ]
        }
      ]
    },
    {
      "module": "module.tf_next.module.statics_deploy",
      "mode": "managed",
      "type": "aws_sqs_queue",
      "name": "this",
      "provider": "provider[\"registry.terraform.io/hashicorp/aws\"]",
      "instances": [
        {
          "schema_version": 0,
          "attributes": {
            "arn": "arn:aws:sqs:ap-south-1:045329330416:tf-next20220807042432966800000007",
            "content_based_deduplication": false,
            "deduplication_scope": "",
            "delay_seconds": 0,
            "fifo_queue": false,
            "fifo_throughput_limit": "",
            "id": "https://sqs.ap-south-1.amazonaws.com/045329330416/tf-next20220807042432966800000007",
            "kms_data_key_reuse_period_seconds": 300,
            "kms_master_key_id": "",
            "max_message_size": 262144,
            "message_retention_seconds": 86400,
            "name": "tf-next20220807042432966800000007",
            "name_prefix": "tf-next",
            "policy": "",
            "receive_wait_time_seconds": 10,
            "redrive_allow_policy": "",
            "redrive_policy": "",
            "sqs_managed_sse_enabled": false,
            "tags": {},
            "tags_all": {},
            "url": "https://sqs.ap-south-1.amazonaws.com/045329330416/tf-next20220807042432966800000007",
            "visibility_timeout_seconds": 360
          },
          "sensitive_attributes": [],
          "private": "bnVsbA=="
        }
      ]
    },
    {
      "module": "module.tf_next.module.statics_deploy",
      "mode": "managed",
      "type": "aws_sqs_queue_policy",
      "name": "this",
      "provider": "provider[\"registry.terraform.io/hashicorp/aws\"]",
      "instances": [
        {
          "schema_version": 1,
          "attributes": {
            "id": "https://sqs.ap-south-1.amazonaws.com/045329330416/tf-next20220807042432966800000007",
            "policy": "{\"Statement\":[{\"Action\":\"sqs:SendMessage\",\"Condition\":{\"ArnEquals\":{\"aws:SourceArn\":[\"arn:aws:sns:ap-south-1:045329330416:tf-next20220807042432962600000003\",\"arn:aws:lambda:ap-south-1:045329330416:function:tf-next_tfn-deploy\"]}},\"Effect\":\"Allow\",\"Principal\":{\"AWS\":\"*\"},\"Resource\":\"arn:aws:lambda:ap-south-1:045329330416:function:tf-next_tfn-deploy\",\"Sid\":\"\"}],\"Version\":\"2012-10-17\"}",
            "queue_url": "https://sqs.ap-south-1.amazonaws.com/045329330416/tf-next20220807042432966800000007"
          },
          "sensitive_attributes": [],
          "private": "eyJzY2hlbWFfdmVyc2lvbiI6IjEifQ==",
          "dependencies": [
            "module.tf_next.module.cloudfront_main.aws_cloudfront_distribution.distribution",
            "module.tf_next.module.statics_deploy.aws_s3_bucket.static_deploy",
            "module.tf_next.module.statics_deploy.aws_sns_topic.this",
            "module.tf_next.module.statics_deploy.aws_sqs_queue.this",
            "module.tf_next.module.statics_deploy.data.aws_iam_policy_document.sqs_queue",
            "module.tf_next.module.statics_deploy.module.deploy_trigger.aws_cloudwatch_log_group.lambda",
            "module.tf_next.module.statics_deploy.module.deploy_trigger.aws_iam_role.lambda",
            "module.tf_next.module.statics_deploy.module.deploy_trigger.aws_lambda_function.this",
            "module.tf_next.module.statics_deploy.module.deploy_trigger.aws_s3_object.lambda_package",
            "module.tf_next.module.statics_deploy.module.deploy_trigger.data.external.archive_prepare",
            "module.tf_next.module.statics_deploy.module.deploy_trigger.null_resource.archive",
            "module.tf_next.module.statics_deploy.module.lambda_content.data.external.download",
            "module.tf_next.module.statics_deploy.module.lambda_content.data.external.this"
          ]
        }
      ]
    },
    {
      "module": "module.tf_next.module.statics_deploy",
      "mode": "managed",
      "type": "null_resource",
      "name": "static_s3_upload",
      "provider": "provider[\"registry.terraform.io/hashicorp/null\"]",
      "instances": [
        {
          "index_key": 0,
          "schema_version": 0,
          "attributes": {
            "id": "6097793686925253725",
            "triggers": {
              "static_files_archive": "4d82ca1a667f2eb4e961805bae579e09"
            }
          },
          "sensitive_attributes": [],
          "private": "bnVsbA==",
          "dependencies": [
            "module.tf_next.module.cloudfront_main.aws_cloudfront_distribution.distribution",
            "module.tf_next.module.statics_deploy.aws_s3_bucket.static_deploy",
            "module.tf_next.module.statics_deploy.aws_s3_bucket.static_upload",
            "module.tf_next.module.statics_deploy.aws_s3_bucket_notification.on_create",
            "module.tf_next.module.statics_deploy.aws_sqs_queue.this",
            "module.tf_next.module.statics_deploy.module.deploy_trigger.aws_cloudwatch_log_group.lambda",
            "module.tf_next.module.statics_deploy.module.deploy_trigger.aws_iam_role.lambda",
            "module.tf_next.module.statics_deploy.module.deploy_trigger.aws_lambda_function.this",
            "module.tf_next.module.statics_deploy.module.deploy_trigger.aws_s3_object.lambda_package",
            "module.tf_next.module.statics_deploy.module.deploy_trigger.data.external.archive_prepare",
            "module.tf_next.module.statics_deploy.module.deploy_trigger.null_resource.archive",
            "module.tf_next.module.statics_deploy.module.lambda_content.data.external.download",
            "module.tf_next.module.statics_deploy.module.lambda_content.data.external.this"
          ]
        }
      ]
    },
    {
      "module": "module.tf_next.module.statics_deploy.module.deploy_trigger",
      "mode": "data",
      "type": "aws_iam_policy_document",
      "name": "assume_role",
      "provider": "provider[\"registry.terraform.io/hashicorp/aws\"]",
      "instances": [
        {
          "index_key": 0,
          "schema_version": 0,
          "attributes": {
            "id": "3693445097",
            "json": "{\n  \"Version\": \"2012-10-17\",\n  \"Statement\": [\n    {\n      \"Sid\": \"\",\n      \"Effect\": \"Allow\",\n      \"Action\": \"sts:AssumeRole\",\n      \"Principal\": {\n        \"Service\": \"lambda.amazonaws.com\"\n      }\n    }\n  ]\n}",
            "override_json": null,
            "override_policy_documents": null,
            "policy_id": null,
            "source_json": null,
            "source_policy_documents": null,
            "statement": [
              {
                "actions": [
                  "sts:AssumeRole"
                ],
                "condition": [],
                "effect": "Allow",
                "not_actions": [],
                "not_principals": [],
                "not_resources": [],
                "principals": [
                  {
                    "identifiers": [
                      "lambda.amazonaws.com"
                    ],
                    "type": "Service"
                  }
                ],
                "resources": [],
                "sid": ""
              }
            ],
            "version": "2012-10-17"
          },
          "sensitive_attributes": []
        }
      ]
    },
    {
      "module": "module.tf_next.module.statics_deploy.module.deploy_trigger",
      "mode": "data",
      "type": "aws_iam_policy_document",
      "name": "logs",
      "provider": "provider[\"registry.terraform.io/hashicorp/aws\"]",
      "instances": [
        {
          "index_key": 0,
          "schema_version": 0,
          "attributes": {
            "id": "2991660778",
            "json": "{\n  \"Version\": \"2012-10-17\",\n  \"Statement\": [\n    {\n      \"Sid\": \"\",\n      \"Effect\": \"Allow\",\n      \"Action\": [\n        \"logs:PutLogEvents\",\n        \"logs:CreateLogStream\",\n        \"logs:CreateLogGroup\"\n      ],\n      \"Resource\": [\n        \"arn:aws:logs:ap-south-1:045329330416:log-group:/aws/lambda/tf-next_tfn-deploy:*:*\",\n        \"arn:aws:logs:ap-south-1:045329330416:log-group:/aws/lambda/tf-next_tfn-deploy:*\"\n      ]\n    }\n  ]\n}",
            "override_json": null,
            "override_policy_documents": null,
            "policy_id": null,
            "source_json": null,
            "source_policy_documents": null,
            "statement": [
              {
                "actions": [
                  "logs:CreateLogGroup",
                  "logs:CreateLogStream",
                  "logs:PutLogEvents"
                ],
                "condition": [],
                "effect": "Allow",
                "not_actions": [],
                "not_principals": [],
                "not_resources": [],
                "principals": [],
                "resources": [
                  "arn:aws:logs:ap-south-1:045329330416:log-group:/aws/lambda/tf-next_tfn-deploy:*",
                  "arn:aws:logs:ap-south-1:045329330416:log-group:/aws/lambda/tf-next_tfn-deploy:*:*"
                ],
                "sid": ""
              }
            ],
            "version": "2012-10-17"
          },
          "sensitive_attributes": []
        }
      ]
    },
    {
      "module": "module.tf_next.module.statics_deploy.module.deploy_trigger",
      "mode": "data",
      "type": "aws_partition",
      "name": "current",
      "provider": "provider[\"registry.terraform.io/hashicorp/aws\"]",
      "instances": [
        {
          "schema_version": 0,
          "attributes": {
            "dns_suffix": "amazonaws.com",
            "id": "aws",
            "partition": "aws",
            "reverse_dns_prefix": "com.amazonaws"
          },
          "sensitive_attributes": []
        }
      ]
    },
    {
      "module": "module.tf_next.module.statics_deploy.module.deploy_trigger",
      "mode": "managed",
      "type": "aws_cloudwatch_log_group",
      "name": "lambda",
      "provider": "provider[\"registry.terraform.io/hashicorp/aws\"]",
      "instances": [
        {
          "index_key": 0,
          "schema_version": 0,
          "attributes": {
            "arn": "arn:aws:logs:ap-south-1:045329330416:log-group:/aws/lambda/tf-next_tfn-deploy",
            "id": "/aws/lambda/tf-next_tfn-deploy",
            "kms_key_id": "",
            "name": "/aws/lambda/tf-next_tfn-deploy",
            "name_prefix": null,
            "retention_in_days": 14,
            "tags": {},
            "tags_all": {}
          },
          "sensitive_attributes": [],
          "private": "bnVsbA=="
        }
      ]
    },
    {
      "module": "module.tf_next.module.statics_deploy.module.deploy_trigger",
      "mode": "managed",
      "type": "aws_iam_policy",
      "name": "additional_jsons",
      "provider": "provider[\"registry.terraform.io/hashicorp/aws\"]",
      "instances": [
        {
          "index_key": 0,
          "schema_version": 0,
          "attributes": {
            "arn": "arn:aws:iam::045329330416:policy/tf-next_tfn-deploy-0",
            "description": "",
            "id": "arn:aws:iam::045329330416:policy/tf-next_tfn-deploy-0",
            "name": "tf-next_tfn-deploy-0",
            "name_prefix": null,
            "path": "/",
            "policy": "{\"Statement\":[{\"Action\":[\"s3:PutObjectTagging\",\"s3:PutObject\",\"s3:ListBucket\",\"s3:GetObjectTagging\",\"s3:GetObject\",\"s3:DeleteObject\"],\"Effect\":\"Allow\",\"Resource\":[\"arn:aws:s3:::tf-next-tfn-static20220807042432966500000006/*\",\"arn:aws:s3:::tf-next-tfn-static20220807042432966500000006\"],\"Sid\":\"\"},{\"Action\":\"cloudfront:CreateInvalidation\",\"Effect\":\"Allow\",\"Resource\":\"arn:aws:cloudfront::045329330416:distribution/E27RZQYPX8LOHH\",\"Sid\":\"\"}],\"Version\":\"2012-10-17\"}",
            "policy_id": "ANPAQVDOWWDYPIDQKAN6O",
            "tags": {},
            "tags_all": {}
          },
          "sensitive_attributes": [],
          "private": "bnVsbA==",
          "dependencies": [
            "module.tf_next.aws_cloudfront_cache_policy.this",
            "module.tf_next.data.aws_cloudfront_cache_policy.managed_caching_optimized",
            "module.tf_next.data.aws_cloudfront_origin_request_policy.managed_all_viewer",
            "module.tf_next.data.aws_cloudfront_origin_request_policy.managed_cors_s3_origin",
            "module.tf_next.module.api_gateway.aws_apigatewayv2_api.this",
            "module.tf_next.module.cloudfront_main.aws_cloudfront_distribution.distribution",
            "module.tf_next.module.next_image.aws_cloudfront_cache_policy.this",
            "module.tf_next.module.next_image.aws_cloudfront_origin_request_policy.this",
            "module.tf_next.module.next_image.data.aws_region.current",
            "module.tf_next.module.next_image.module.api_gateway.aws_apigatewayv2_api.this",
            "module.tf_next.module.proxy.module.edge_proxy.aws_cloudwatch_log_group.lambda",
            "module.tf_next.module.proxy.module.edge_proxy.aws_iam_role.lambda",
            "module.tf_next.module.proxy.module.edge_proxy.aws_lambda_function.this",
            "module.tf_next.module.proxy.module.edge_proxy.aws_s3_object.lambda_package",
            "module.tf_next.module.proxy.module.edge_proxy.data.aws_iam_policy_document.assume_role",
            "module.tf_next.module.proxy.module.edge_proxy.data.external.archive_prepare",
            "module.tf_next.module.proxy.module.edge_proxy.local_file.archive_plan",
            "module.tf_next.module.proxy.module.edge_proxy.null_resource.archive",
            "module.tf_next.module.proxy.module.proxy_package.data.external.download",
            "module.tf_next.module.proxy.module.proxy_package.data.external.this",
            "module.tf_next.module.proxy_config.aws_cloudfront_distribution.distribution",
            "module.tf_next.module.proxy_config.aws_cloudfront_origin_access_identity.this",
            "module.tf_next.module.proxy_config.aws_s3_bucket.proxy_config_store",
            "module.tf_next.module.proxy_config.data.aws_cloudfront_cache_policy.managed_caching_optimized_for_uncompressed_objects",
            "module.tf_next.module.proxy_config.data.aws_cloudfront_origin_request_policy.managed_cors_s3_origin",
            "module.tf_next.module.statics_deploy.aws_cloudfront_origin_access_identity.this",
            "module.tf_next.module.statics_deploy.aws_s3_bucket.static_deploy",
            "module.tf_next.module.statics_deploy.aws_s3_bucket.static_upload",
            "module.tf_next.module.statics_deploy.aws_sqs_queue.this",
            "module.tf_next.module.statics_deploy.data.aws_iam_policy_document.access_sqs_queue",
            "module.tf_next.module.statics_deploy.data.aws_iam_policy_document.access_static_deploy",
            "module.tf_next.module.statics_deploy.data.aws_iam_policy_document.access_static_upload"
          ]
        },
        {
          "index_key": 1,
          "schema_version": 0,
          "attributes": {
            "arn": "arn:aws:iam::045329330416:policy/tf-next_tfn-deploy-1",
            "description": "",
            "id": "arn:aws:iam::045329330416:policy/tf-next_tfn-deploy-1",
            "name": "tf-next_tfn-deploy-1",
            "name_prefix": null,
            "path": "/",
            "policy": "{\"Statement\":[{\"Action\":[\"s3:GetObjectVersion\",\"s3:GetObject\",\"s3:DeleteObjectVersion\",\"s3:DeleteObject\"],\"Effect\":\"Allow\",\"Resource\":\"arn:aws:s3:::tf-next-tfn-deploy20220807042432965700000005/*\",\"Sid\":\"\"}],\"Version\":\"2012-10-17\"}",
            "policy_id": "ANPAQVDOWWDYJSJ46HZ2N",
            "tags": {},
            "tags_all": {}
          },
          "sensitive_attributes": [],
          "private": "bnVsbA==",
          "dependencies": [
            "module.tf_next.aws_cloudfront_cache_policy.this",
            "module.tf_next.data.aws_cloudfront_cache_policy.managed_caching_optimized",
            "module.tf_next.data.aws_cloudfront_origin_request_policy.managed_all_viewer",
            "module.tf_next.data.aws_cloudfront_origin_request_policy.managed_cors_s3_origin",
            "module.tf_next.module.api_gateway.aws_apigatewayv2_api.this",
            "module.tf_next.module.cloudfront_main.aws_cloudfront_distribution.distribution",
            "module.tf_next.module.next_image.aws_cloudfront_cache_policy.this",
            "module.tf_next.module.next_image.aws_cloudfront_origin_request_policy.this",
            "module.tf_next.module.next_image.data.aws_region.current",
            "module.tf_next.module.next_image.module.api_gateway.aws_apigatewayv2_api.this",
            "module.tf_next.module.proxy.module.edge_proxy.aws_cloudwatch_log_group.lambda",
            "module.tf_next.module.proxy.module.edge_proxy.aws_iam_role.lambda",
            "module.tf_next.module.proxy.module.edge_proxy.aws_lambda_function.this",
            "module.tf_next.module.proxy.module.edge_proxy.aws_s3_object.lambda_package",
            "module.tf_next.module.proxy.module.edge_proxy.data.aws_iam_policy_document.assume_role",
            "module.tf_next.module.proxy.module.edge_proxy.data.external.archive_prepare",
            "module.tf_next.module.proxy.module.edge_proxy.local_file.archive_plan",
            "module.tf_next.module.proxy.module.edge_proxy.null_resource.archive",
            "module.tf_next.module.proxy.module.proxy_package.data.external.download",
            "module.tf_next.module.proxy.module.proxy_package.data.external.this",
            "module.tf_next.module.proxy_config.aws_cloudfront_distribution.distribution",
            "module.tf_next.module.proxy_config.aws_cloudfront_origin_access_identity.this",
            "module.tf_next.module.proxy_config.aws_s3_bucket.proxy_config_store",
            "module.tf_next.module.proxy_config.data.aws_cloudfront_cache_policy.managed_caching_optimized_for_uncompressed_objects",
            "module.tf_next.module.proxy_config.data.aws_cloudfront_origin_request_policy.managed_cors_s3_origin",
            "module.tf_next.module.statics_deploy.aws_cloudfront_origin_access_identity.this",
            "module.tf_next.module.statics_deploy.aws_s3_bucket.static_deploy",
            "module.tf_next.module.statics_deploy.aws_s3_bucket.static_upload",
            "module.tf_next.module.statics_deploy.aws_sqs_queue.this",
            "module.tf_next.module.statics_deploy.data.aws_iam_policy_document.access_sqs_queue",
            "module.tf_next.module.statics_deploy.data.aws_iam_policy_document.access_static_deploy",
            "module.tf_next.module.statics_deploy.data.aws_iam_policy_document.access_static_upload"
          ]
        },
        {
          "index_key": 2,
          "schema_version": 0,
          "attributes": {
            "arn": "arn:aws:iam::045329330416:policy/tf-next_tfn-deploy-2",
            "description": "",
            "id": "arn:aws:iam::045329330416:policy/tf-next_tfn-deploy-2",
            "name": "tf-next_tfn-deploy-2",
            "name_prefix": null,
            "path": "/",
            "policy": "{\"Statement\":[{\"Action\":[\"sqs:SendMessage\",\"sqs:ReceiveMessage\",\"sqs:GetQueueUrl\",\"sqs:GetQueueAttributes\",\"sqs:DeleteMessage\",\"sqs:ChangeMessageVisibility\"],\"Effect\":\"Allow\",\"Resource\":\"arn:aws:sqs:ap-south-1:045329330416:tf-next20220807042432966800000007\",\"Sid\":\"\"}],\"Version\":\"2012-10-17\"}",
            "policy_id": "ANPAQVDOWWDYH2YTABZVE",
            "tags": {},
            "tags_all": {}
          },
          "sensitive_attributes": [],
          "private": "bnVsbA==",
          "dependencies": [
            "module.tf_next.aws_cloudfront_cache_policy.this",
            "module.tf_next.data.aws_cloudfront_cache_policy.managed_caching_optimized",
            "module.tf_next.data.aws_cloudfront_origin_request_policy.managed_all_viewer",
            "module.tf_next.data.aws_cloudfront_origin_request_policy.managed_cors_s3_origin",
            "module.tf_next.module.api_gateway.aws_apigatewayv2_api.this",
            "module.tf_next.module.cloudfront_main.aws_cloudfront_distribution.distribution",
            "module.tf_next.module.next_image.aws_cloudfront_cache_policy.this",
            "module.tf_next.module.next_image.aws_cloudfront_origin_request_policy.this",
            "module.tf_next.module.next_image.data.aws_region.current",
            "module.tf_next.module.next_image.module.api_gateway.aws_apigatewayv2_api.this",
            "module.tf_next.module.proxy.module.edge_proxy.aws_cloudwatch_log_group.lambda",
            "module.tf_next.module.proxy.module.edge_proxy.aws_iam_role.lambda",
            "module.tf_next.module.proxy.module.edge_proxy.aws_lambda_function.this",
            "module.tf_next.module.proxy.module.edge_proxy.aws_s3_object.lambda_package",
            "module.tf_next.module.proxy.module.edge_proxy.data.aws_iam_policy_document.assume_role",
            "module.tf_next.module.proxy.module.edge_proxy.data.external.archive_prepare",
            "module.tf_next.module.proxy.module.edge_proxy.local_file.archive_plan",
            "module.tf_next.module.proxy.module.edge_proxy.null_resource.archive",
            "module.tf_next.module.proxy.module.proxy_package.data.external.download",
            "module.tf_next.module.proxy.module.proxy_package.data.external.this",
            "module.tf_next.module.proxy_config.aws_cloudfront_distribution.distribution",
            "module.tf_next.module.proxy_config.aws_cloudfront_origin_access_identity.this",
            "module.tf_next.module.proxy_config.aws_s3_bucket.proxy_config_store",
            "module.tf_next.module.proxy_config.data.aws_cloudfront_cache_policy.managed_caching_optimized_for_uncompressed_objects",
            "module.tf_next.module.proxy_config.data.aws_cloudfront_origin_request_policy.managed_cors_s3_origin",
            "module.tf_next.module.statics_deploy.aws_cloudfront_origin_access_identity.this",
            "module.tf_next.module.statics_deploy.aws_s3_bucket.static_deploy",
            "module.tf_next.module.statics_deploy.aws_s3_bucket.static_upload",
            "module.tf_next.module.statics_deploy.aws_sqs_queue.this",
            "module.tf_next.module.statics_deploy.data.aws_iam_policy_document.access_sqs_queue",
            "module.tf_next.module.statics_deploy.data.aws_iam_policy_document.access_static_deploy",
            "module.tf_next.module.statics_deploy.data.aws_iam_policy_document.access_static_upload"
          ]
        }
      ]
    },
    {
      "module": "module.tf_next.module.statics_deploy.module.deploy_trigger",
      "mode": "managed",
      "type": "aws_iam_policy",
      "name": "logs",
      "provider": "provider[\"registry.terraform.io/hashicorp/aws\"]",
      "instances": [
        {
          "index_key": 0,
          "schema_version": 0,
          "attributes": {
            "arn": "arn:aws:iam::045329330416:policy/tf-next_tfn-deploy-logs",
            "description": "",
            "id": "arn:aws:iam::045329330416:policy/tf-next_tfn-deploy-logs",
            "name": "tf-next_tfn-deploy-logs",
            "name_prefix": null,
            "path": "/",
            "policy": "{\"Statement\":[{\"Action\":[\"logs:PutLogEvents\",\"logs:CreateLogStream\",\"logs:CreateLogGroup\"],\"Effect\":\"Allow\",\"Resource\":[\"arn:aws:logs:ap-south-1:045329330416:log-group:/aws/lambda/tf-next_tfn-deploy:*:*\",\"arn:aws:logs:ap-south-1:045329330416:log-group:/aws/lambda/tf-next_tfn-deploy:*\"],\"Sid\":\"\"}],\"Version\":\"2012-10-17\"}",
            "policy_id": "ANPAQVDOWWDYCCUNVOPOA",
            "tags": {},
            "tags_all": {}
          },
          "sensitive_attributes": [],
          "private": "bnVsbA==",
          "dependencies": [
            "module.tf_next.module.statics_deploy.module.deploy_trigger.aws_cloudwatch_log_group.lambda",
            "module.tf_next.module.statics_deploy.module.deploy_trigger.data.aws_arn.log_group_arn",
            "module.tf_next.module.statics_deploy.module.deploy_trigger.data.aws_cloudwatch_log_group.lambda",
            "module.tf_next.module.statics_deploy.module.deploy_trigger.data.aws_iam_policy_document.logs"
          ]
        }
      ]
    },
    {
      "module": "module.tf_next.module.statics_deploy.module.deploy_trigger",
      "mode": "managed",
      "type": "aws_iam_role",
      "name": "lambda",
      "provider": "provider[\"registry.terraform.io/hashicorp/aws\"]",
      "instances": [
        {
          "index_key": 0,
          "schema_version": 0,
          "attributes": {
            "arn": "arn:aws:iam::045329330416:role/tf-next_tfn-deploy",
            "assume_role_policy": "{\"Statement\":[{\"Action\":\"sts:AssumeRole\",\"Effect\":\"Allow\",\"Principal\":{\"Service\":\"lambda.amazonaws.com\"},\"Sid\":\"\"}],\"Version\":\"2012-10-17\"}",
            "create_date": "2022-08-07T04:24:34Z",
            "description": "",
            "force_detach_policies": true,
            "id": "tf-next_tfn-deploy",
            "inline_policy": [],
            "managed_policy_arns": [
              "arn:aws:iam::045329330416:policy/tf-next_tfn-deploy-0",
              "arn:aws:iam::045329330416:policy/tf-next_tfn-deploy-1",
              "arn:aws:iam::045329330416:policy/tf-next_tfn-deploy-2",
              "arn:aws:iam::045329330416:policy/tf-next_tfn-deploy-logs"
            ],
            "max_session_duration": 3600,
            "name": "tf-next_tfn-deploy",
            "name_prefix": "",
            "path": "/",
            "permissions_boundary": null,
            "tags": {},
            "tags_all": {},
            "unique_id": "AROAQVDOWWDYBZCSSGJKC"
          },
          "sensitive_attributes": [],
          "private": "bnVsbA==",
          "dependencies": [
            "module.tf_next.module.statics_deploy.module.deploy_trigger.data.aws_iam_policy_document.assume_role"
          ]
        }
      ]
    },
    {
      "module": "module.tf_next.module.statics_deploy.module.deploy_trigger",
      "mode": "managed",
      "type": "aws_iam_role_policy_attachment",
      "name": "additional_jsons",
      "provider": "provider[\"registry.terraform.io/hashicorp/aws\"]",
      "instances": [
        {
          "index_key": 0,
          "schema_version": 0,
          "attributes": {
            "id": "tf-next_tfn-deploy-20220807043124398200000010",
            "policy_arn": "arn:aws:iam::045329330416:policy/tf-next_tfn-deploy-0",
            "role": "tf-next_tfn-deploy"
          },
          "sensitive_attributes": [],
          "private": "bnVsbA==",
          "dependencies": [
            "module.tf_next.aws_cloudfront_cache_policy.this",
            "module.tf_next.data.aws_cloudfront_cache_policy.managed_caching_optimized",
            "module.tf_next.data.aws_cloudfront_origin_request_policy.managed_all_viewer",
            "module.tf_next.data.aws_cloudfront_origin_request_policy.managed_cors_s3_origin",
            "module.tf_next.module.api_gateway.aws_apigatewayv2_api.this",
            "module.tf_next.module.cloudfront_main.aws_cloudfront_distribution.distribution",
            "module.tf_next.module.next_image.aws_cloudfront_cache_policy.this",
            "module.tf_next.module.next_image.aws_cloudfront_origin_request_policy.this",
            "module.tf_next.module.next_image.data.aws_region.current",
            "module.tf_next.module.next_image.module.api_gateway.aws_apigatewayv2_api.this",
            "module.tf_next.module.proxy.module.edge_proxy.aws_cloudwatch_log_group.lambda",
            "module.tf_next.module.proxy.module.edge_proxy.aws_iam_role.lambda",
            "module.tf_next.module.proxy.module.edge_proxy.aws_lambda_function.this",
            "module.tf_next.module.proxy.module.edge_proxy.aws_s3_object.lambda_package",
            "module.tf_next.module.proxy.module.edge_proxy.data.aws_iam_policy_document.assume_role",
            "module.tf_next.module.proxy.module.edge_proxy.data.external.archive_prepare",
            "module.tf_next.module.proxy.module.edge_proxy.local_file.archive_plan",
            "module.tf_next.module.proxy.module.edge_proxy.null_resource.archive",
            "module.tf_next.module.proxy.module.proxy_package.data.external.download",
            "module.tf_next.module.proxy.module.proxy_package.data.external.this",
            "module.tf_next.module.proxy_config.aws_cloudfront_distribution.distribution",
            "module.tf_next.module.proxy_config.aws_cloudfront_origin_access_identity.this",
            "module.tf_next.module.proxy_config.aws_s3_bucket.proxy_config_store",
            "module.tf_next.module.proxy_config.data.aws_cloudfront_cache_policy.managed_caching_optimized_for_uncompressed_objects",
            "module.tf_next.module.proxy_config.data.aws_cloudfront_origin_request_policy.managed_cors_s3_origin",
            "module.tf_next.module.statics_deploy.aws_cloudfront_origin_access_identity.this",
            "module.tf_next.module.statics_deploy.aws_s3_bucket.static_deploy",
            "module.tf_next.module.statics_deploy.aws_s3_bucket.static_upload",
            "module.tf_next.module.statics_deploy.aws_sqs_queue.this",
            "module.tf_next.module.statics_deploy.data.aws_iam_policy_document.access_sqs_queue",
            "module.tf_next.module.statics_deploy.data.aws_iam_policy_document.access_static_deploy",
            "module.tf_next.module.statics_deploy.data.aws_iam_policy_document.access_static_upload",
            "module.tf_next.module.statics_deploy.module.deploy_trigger.aws_iam_policy.additional_jsons",
            "module.tf_next.module.statics_deploy.module.deploy_trigger.aws_iam_role.lambda",
            "module.tf_next.module.statics_deploy.module.deploy_trigger.data.aws_iam_policy_document.assume_role"
          ]
        },
        {
          "index_key": 1,
          "schema_version": 0,
          "attributes": {
            "id": "tf-next_tfn-deploy-20220807043124398500000011",
            "policy_arn": "arn:aws:iam::045329330416:policy/tf-next_tfn-deploy-1",
            "role": "tf-next_tfn-deploy"
          },
          "sensitive_attributes": [],
          "private": "bnVsbA==",
          "dependencies": [
            "module.tf_next.aws_cloudfront_cache_policy.this",
            "module.tf_next.data.aws_cloudfront_cache_policy.managed_caching_optimized",
            "module.tf_next.data.aws_cloudfront_origin_request_policy.managed_all_viewer",
            "module.tf_next.data.aws_cloudfront_origin_request_policy.managed_cors_s3_origin",
            "module.tf_next.module.api_gateway.aws_apigatewayv2_api.this",
            "module.tf_next.module.cloudfront_main.aws_cloudfront_distribution.distribution",
            "module.tf_next.module.next_image.aws_cloudfront_cache_policy.this",
            "module.tf_next.module.next_image.aws_cloudfront_origin_request_policy.this",
            "module.tf_next.module.next_image.data.aws_region.current",
            "module.tf_next.module.next_image.module.api_gateway.aws_apigatewayv2_api.this",
            "module.tf_next.module.proxy.module.edge_proxy.aws_cloudwatch_log_group.lambda",
            "module.tf_next.module.proxy.module.edge_proxy.aws_iam_role.lambda",
            "module.tf_next.module.proxy.module.edge_proxy.aws_lambda_function.this",
            "module.tf_next.module.proxy.module.edge_proxy.aws_s3_object.lambda_package",
            "module.tf_next.module.proxy.module.edge_proxy.data.aws_iam_policy_document.assume_role",
            "module.tf_next.module.proxy.module.edge_proxy.data.external.archive_prepare",
            "module.tf_next.module.proxy.module.edge_proxy.local_file.archive_plan",
            "module.tf_next.module.proxy.module.edge_proxy.null_resource.archive",
            "module.tf_next.module.proxy.module.proxy_package.data.external.download",
            "module.tf_next.module.proxy.module.proxy_package.data.external.this",
            "module.tf_next.module.proxy_config.aws_cloudfront_distribution.distribution",
            "module.tf_next.module.proxy_config.aws_cloudfront_origin_access_identity.this",
            "module.tf_next.module.proxy_config.aws_s3_bucket.proxy_config_store",
            "module.tf_next.module.proxy_config.data.aws_cloudfront_cache_policy.managed_caching_optimized_for_uncompressed_objects",
            "module.tf_next.module.proxy_config.data.aws_cloudfront_origin_request_policy.managed_cors_s3_origin",
            "module.tf_next.module.statics_deploy.aws_cloudfront_origin_access_identity.this",
            "module.tf_next.module.statics_deploy.aws_s3_bucket.static_deploy",
            "module.tf_next.module.statics_deploy.aws_s3_bucket.static_upload",
            "module.tf_next.module.statics_deploy.aws_sqs_queue.this",
            "module.tf_next.module.statics_deploy.data.aws_iam_policy_document.access_sqs_queue",
            "module.tf_next.module.statics_deploy.data.aws_iam_policy_document.access_static_deploy",
            "module.tf_next.module.statics_deploy.data.aws_iam_policy_document.access_static_upload",
            "module.tf_next.module.statics_deploy.module.deploy_trigger.aws_iam_policy.additional_jsons",
            "module.tf_next.module.statics_deploy.module.deploy_trigger.aws_iam_role.lambda",
            "module.tf_next.module.statics_deploy.module.deploy_trigger.data.aws_iam_policy_document.assume_role"
          ]
        },
        {
          "index_key": 2,
          "schema_version": 0,
          "attributes": {
            "id": "tf-next_tfn-deploy-2022080704312439780000000f",
            "policy_arn": "arn:aws:iam::045329330416:policy/tf-next_tfn-deploy-2",
            "role": "tf-next_tfn-deploy"
          },
          "sensitive_attributes": [],
          "private": "bnVsbA==",
          "dependencies": [
            "module.tf_next.aws_cloudfront_cache_policy.this",
            "module.tf_next.data.aws_cloudfront_cache_policy.managed_caching_optimized",
            "module.tf_next.data.aws_cloudfront_origin_request_policy.managed_all_viewer",
            "module.tf_next.data.aws_cloudfront_origin_request_policy.managed_cors_s3_origin",
            "module.tf_next.module.api_gateway.aws_apigatewayv2_api.this",
            "module.tf_next.module.cloudfront_main.aws_cloudfront_distribution.distribution",
            "module.tf_next.module.next_image.aws_cloudfront_cache_policy.this",
            "module.tf_next.module.next_image.aws_cloudfront_origin_request_policy.this",
            "module.tf_next.module.next_image.data.aws_region.current",
            "module.tf_next.module.next_image.module.api_gateway.aws_apigatewayv2_api.this",
            "module.tf_next.module.proxy.module.edge_proxy.aws_cloudwatch_log_group.lambda",
            "module.tf_next.module.proxy.module.edge_proxy.aws_iam_role.lambda",
            "module.tf_next.module.proxy.module.edge_proxy.aws_lambda_function.this",
            "module.tf_next.module.proxy.module.edge_proxy.aws_s3_object.lambda_package",
            "module.tf_next.module.proxy.module.edge_proxy.data.aws_iam_policy_document.assume_role",
            "module.tf_next.module.proxy.module.edge_proxy.data.external.archive_prepare",
            "module.tf_next.module.proxy.module.edge_proxy.local_file.archive_plan",
            "module.tf_next.module.proxy.module.edge_proxy.null_resource.archive",
            "module.tf_next.module.proxy.module.proxy_package.data.external.download",
            "module.tf_next.module.proxy.module.proxy_package.data.external.this",
            "module.tf_next.module.proxy_config.aws_cloudfront_distribution.distribution",
            "module.tf_next.module.proxy_config.aws_cloudfront_origin_access_identity.this",
            "module.tf_next.module.proxy_config.aws_s3_bucket.proxy_config_store",
            "module.tf_next.module.proxy_config.data.aws_cloudfront_cache_policy.managed_caching_optimized_for_uncompressed_objects",
            "module.tf_next.module.proxy_config.data.aws_cloudfront_origin_request_policy.managed_cors_s3_origin",
            "module.tf_next.module.statics_deploy.aws_cloudfront_origin_access_identity.this",
            "module.tf_next.module.statics_deploy.aws_s3_bucket.static_deploy",
            "module.tf_next.module.statics_deploy.aws_s3_bucket.static_upload",
            "module.tf_next.module.statics_deploy.aws_sqs_queue.this",
            "module.tf_next.module.statics_deploy.data.aws_iam_policy_document.access_sqs_queue",
            "module.tf_next.module.statics_deploy.data.aws_iam_policy_document.access_static_deploy",
            "module.tf_next.module.statics_deploy.data.aws_iam_policy_document.access_static_upload",
            "module.tf_next.module.statics_deploy.module.deploy_trigger.aws_iam_policy.additional_jsons",
            "module.tf_next.module.statics_deploy.module.deploy_trigger.aws_iam_role.lambda",
            "module.tf_next.module.statics_deploy.module.deploy_trigger.data.aws_iam_policy_document.assume_role"
          ]
        }
      ]
    },
    {
      "module": "module.tf_next.module.statics_deploy.module.deploy_trigger",
      "mode": "managed",
      "type": "aws_iam_role_policy_attachment",
      "name": "logs",
      "provider": "provider[\"registry.terraform.io/hashicorp/aws\"]",
      "instances": [
        {
          "index_key": 0,
          "schema_version": 0,
          "attributes": {
            "id": "tf-next_tfn-deploy-20220807050256846200000002",
            "policy_arn": "arn:aws:iam::045329330416:policy/tf-next_tfn-deploy-logs",
            "role": "tf-next_tfn-deploy"
          },
          "sensitive_attributes": [],
          "private": "bnVsbA==",
          "dependencies": [
            "module.tf_next.module.statics_deploy.module.deploy_trigger.aws_cloudwatch_log_group.lambda",
            "module.tf_next.module.statics_deploy.module.deploy_trigger.aws_iam_policy.logs",
            "module.tf_next.module.statics_deploy.module.deploy_trigger.aws_iam_role.lambda",
            "module.tf_next.module.statics_deploy.module.deploy_trigger.data.aws_arn.log_group_arn",
            "module.tf_next.module.statics_deploy.module.deploy_trigger.data.aws_cloudwatch_log_group.lambda",
            "module.tf_next.module.statics_deploy.module.deploy_trigger.data.aws_iam_policy_document.assume_role",
            "module.tf_next.module.statics_deploy.module.deploy_trigger.data.aws_iam_policy_document.logs"
          ]
        }
      ]
    },
    {
      "module": "module.tf_next.module.statics_deploy.module.deploy_trigger",
      "mode": "managed",
      "type": "aws_lambda_event_source_mapping",
      "name": "this",
      "provider": "provider[\"registry.terraform.io/hashicorp/aws\"]",
      "instances": [
        {
          "index_key": "sqs_source",
          "schema_version": 0,
          "attributes": {
            "batch_size": 10,
            "bisect_batch_on_function_error": false,
            "destination_config": [],
            "enabled": true,
            "event_source_arn": "arn:aws:sqs:ap-south-1:045329330416:tf-next20220807042432966800000007",
            "filter_criteria": [],
            "function_arn": "arn:aws:lambda:ap-south-1:045329330416:function:tf-next_tfn-deploy",
            "function_name": "arn:aws:lambda:ap-south-1:045329330416:function:tf-next_tfn-deploy",
            "function_response_types": null,
            "id": "0792100a-0040-4621-a7df-43ba6c333191",
            "last_modified": "2022-08-07T05:20:20Z",
            "last_processing_result": "",
            "maximum_batching_window_in_seconds": 0,
            "maximum_record_age_in_seconds": 0,
            "maximum_retry_attempts": 0,
            "parallelization_factor": 0,
            "queues": null,
            "self_managed_event_source": [],
            "source_access_configuration": [],
            "starting_position": "",
            "starting_position_timestamp": "",
            "state": "Enabled",
            "state_transition_reason": "USER_INITIATED",
            "topics": null,
            "tumbling_window_in_seconds": 0,
            "uuid": "0792100a-0040-4621-a7df-43ba6c333191"
          },
          "sensitive_attributes": [],
          "private": "bnVsbA==",
          "dependencies": [
            "module.tf_next.module.cloudfront_main.aws_cloudfront_distribution.distribution",
            "module.tf_next.module.statics_deploy.aws_s3_bucket.static_deploy",
            "module.tf_next.module.statics_deploy.aws_sqs_queue.this",
            "module.tf_next.module.statics_deploy.module.deploy_trigger.aws_cloudwatch_log_group.lambda",
            "module.tf_next.module.statics_deploy.module.deploy_trigger.aws_iam_role.lambda",
            "module.tf_next.module.statics_deploy.module.deploy_trigger.aws_lambda_function.this",
            "module.tf_next.module.statics_deploy.module.deploy_trigger.aws_s3_object.lambda_package",
            "module.tf_next.module.statics_deploy.module.deploy_trigger.data.external.archive_prepare",
            "module.tf_next.module.statics_deploy.module.deploy_trigger.null_resource.archive",
            "module.tf_next.module.statics_deploy.module.lambda_content.data.external.download",
            "module.tf_next.module.statics_deploy.module.lambda_content.data.external.this"
          ]
        }
      ]
    },
    {
      "module": "module.tf_next.module.statics_deploy.module.deploy_trigger",
      "mode": "managed",
      "type": "aws_lambda_function",
      "name": "this",
      "provider": "provider[\"registry.terraform.io/hashicorp/aws\"]",
      "instances": [
        {
          "index_key": 0,
          "schema_version": 0,
          "attributes": {
            "architectures": [
              "x86_64"
            ],
            "arn": "arn:aws:lambda:ap-south-1:045329330416:function:tf-next_tfn-deploy",
            "code_signing_config_arn": "",
            "dead_letter_config": [],
            "description": "Managed by Terraform Next.js",
            "environment": [
              {
                "variables": {
                  "DISTRIBUTION_ID": "E27RZQYPX8LOHH",
                  "EXPIRE_AFTER_DAYS": "30",
                  "NODE_ENV": "production",
                  "SQS_QUEUE_URL": "https://sqs.ap-south-1.amazonaws.com/045329330416/tf-next20220807042432966800000007",
                  "TARGET_BUCKET": "tf-next-tfn-static20220807042432966500000006"
                }
              }
            ],
            "ephemeral_storage": [
              {
                "size": 512
              }
            ],
            "file_system_config": [],
            "filename": ".terraform/modules/tf_next.statics_deploy.lambda_content/download/@millihq/terraform-next-deploy-trigger/dist.zip",
            "function_name": "tf-next_tfn-deploy",
            "handler": "handler.handler",
            "id": "tf-next_tfn-deploy",
            "image_config": [],
            "image_uri": "",
            "invoke_arn": "arn:aws:apigateway:ap-south-1:lambda:path/2015-03-31/functions/arn:aws:lambda:ap-south-1:045329330416:function:tf-next_tfn-deploy/invocations",
            "kms_key_arn": "",
            "last_modified": "2022-08-07T05:20:14.414+0000",
            "layers": null,
            "memory_size": 1024,
            "package_type": "Zip",
            "publish": true,
            "qualified_arn": "arn:aws:lambda:ap-south-1:045329330416:function:tf-next_tfn-deploy:2",
            "reserved_concurrent_executions": 1,
            "role": "arn:aws:iam::045329330416:role/tf-next_tfn-deploy",
            "runtime": "nodejs14.x",
            "s3_bucket": null,
            "s3_key": null,
            "s3_object_version": null,
            "signing_job_arn": "",
            "signing_profile_version_arn": "",
            "source_code_hash": "zOEMsYJyF24eIvsVLBgM/AAwAgluEZuIH8qIRurz5rw=",
            "source_code_size": 109173,
            "tags": null,
            "tags_all": {},
            "timeout": 60,
            "timeouts": null,
            "tracing_config": [
              {
                "mode": "PassThrough"
              }
            ],
            "version": "2",
            "vpc_config": []
          },
          "sensitive_attributes": [],
          "private": "eyJlMmJmYjczMC1lY2FhLTExZTYtOGY4OC0zNDM2M2JjN2M0YzAiOnsiY3JlYXRlIjo2MDAwMDAwMDAwMDB9fQ==",
          "dependencies": [
            "module.tf_next.module.cloudfront_main.aws_cloudfront_distribution.distribution",
            "module.tf_next.module.statics_deploy.aws_s3_bucket.static_deploy",
            "module.tf_next.module.statics_deploy.aws_sqs_queue.this",
            "module.tf_next.module.statics_deploy.module.deploy_trigger.aws_cloudwatch_log_group.lambda",
            "module.tf_next.module.statics_deploy.module.deploy_trigger.aws_iam_role.lambda",
            "module.tf_next.module.statics_deploy.module.deploy_trigger.aws_s3_object.lambda_package",
            "module.tf_next.module.statics_deploy.module.deploy_trigger.data.external.archive_prepare",
            "module.tf_next.module.statics_deploy.module.deploy_trigger.null_resource.archive",
            "module.tf_next.module.statics_deploy.module.lambda_content.data.external.download",
            "module.tf_next.module.statics_deploy.module.lambda_content.data.external.this"
          ]
        }
      ]
    },
    {
      "module": "module.tf_next.module.statics_deploy.module.deploy_trigger",
      "mode": "managed",
      "type": "aws_lambda_permission",
      "name": "current_version_triggers",
      "provider": "provider[\"registry.terraform.io/hashicorp/aws\"]",
      "instances": [
        {
          "index_key": "AllowExecutionFromS3Bucket",
          "schema_version": 0,
          "attributes": {
            "action": "lambda:InvokeFunction",
            "event_source_token": null,
            "function_name": "tf-next_tfn-deploy",
            "function_url_auth_type": null,
            "id": "AllowExecutionFromS3Bucket",
            "principal": "s3.amazonaws.com",
            "principal_org_id": null,
            "qualifier": "2",
            "source_account": null,
            "source_arn": "arn:aws:s3:::tf-next-tfn-deploy20220807042432965700000005",
            "statement_id": "AllowExecutionFromS3Bucket",
            "statement_id_prefix": ""
          },
          "sensitive_attributes": [],
          "private": "bnVsbA==",
          "dependencies": [
            "module.tf_next.module.cloudfront_main.aws_cloudfront_distribution.distribution",
            "module.tf_next.module.statics_deploy.aws_s3_bucket.static_deploy",
            "module.tf_next.module.statics_deploy.aws_s3_bucket.static_upload",
            "module.tf_next.module.statics_deploy.aws_sns_topic.this",
            "module.tf_next.module.statics_deploy.aws_sqs_queue.this",
            "module.tf_next.module.statics_deploy.module.deploy_trigger.aws_cloudwatch_log_group.lambda",
            "module.tf_next.module.statics_deploy.module.deploy_trigger.aws_iam_role.lambda",
            "module.tf_next.module.statics_deploy.module.deploy_trigger.aws_lambda_function.this",
            "module.tf_next.module.statics_deploy.module.deploy_trigger.aws_s3_object.lambda_package",
            "module.tf_next.module.statics_deploy.module.deploy_trigger.data.external.archive_prepare",
            "module.tf_next.module.statics_deploy.module.deploy_trigger.null_resource.archive",
            "module.tf_next.module.statics_deploy.module.lambda_content.data.external.download",
            "module.tf_next.module.statics_deploy.module.lambda_content.data.external.this"
          ]
        },
        {
          "index_key": "InvalidationQueue",
          "schema_version": 0,
          "attributes": {
            "action": "lambda:InvokeFunction",
            "event_source_token": null,
            "function_name": "tf-next_tfn-deploy",
            "function_url_auth_type": null,
            "id": "InvalidationQueue",
            "principal": "sqs.amazonaws.com",
            "principal_org_id": null,
            "qualifier": "2",
            "source_account": null,
            "source_arn": "arn:aws:sns:ap-south-1:045329330416:tf-next20220807042432962600000003",
            "statement_id": "InvalidationQueue",
            "statement_id_prefix": ""
          },
          "sensitive_attributes": [],
          "private": "bnVsbA==",
          "dependencies": [
            "module.tf_next.module.cloudfront_main.aws_cloudfront_distribution.distribution",
            "module.tf_next.module.statics_deploy.aws_s3_bucket.static_deploy",
            "module.tf_next.module.statics_deploy.aws_s3_bucket.static_upload",
            "module.tf_next.module.statics_deploy.aws_sns_topic.this",
            "module.tf_next.module.statics_deploy.aws_sqs_queue.this",
            "module.tf_next.module.statics_deploy.module.deploy_trigger.aws_cloudwatch_log_group.lambda",
            "module.tf_next.module.statics_deploy.module.deploy_trigger.aws_iam_role.lambda",
            "module.tf_next.module.statics_deploy.module.deploy_trigger.aws_lambda_function.this",
            "module.tf_next.module.statics_deploy.module.deploy_trigger.aws_s3_object.lambda_package",
            "module.tf_next.module.statics_deploy.module.deploy_trigger.data.external.archive_prepare",
            "module.tf_next.module.statics_deploy.module.deploy_trigger.null_resource.archive",
            "module.tf_next.module.statics_deploy.module.lambda_content.data.external.download",
            "module.tf_next.module.statics_deploy.module.lambda_content.data.external.this"
          ]
        }
      ]
    },
    {
      "module": "module.tf_next.module.statics_deploy.module.deploy_trigger",
      "mode": "managed",
      "type": "aws_lambda_permission",
      "name": "unqualified_alias_triggers",
      "provider": "provider[\"registry.terraform.io/hashicorp/aws\"]",
      "instances": [
        {
          "index_key": "AllowExecutionFromS3Bucket",
          "schema_version": 0,
          "attributes": {
            "action": "lambda:InvokeFunction",
            "event_source_token": null,
            "function_name": "tf-next_tfn-deploy",
            "function_url_auth_type": null,
            "id": "AllowExecutionFromS3Bucket",
            "principal": "s3.amazonaws.com",
            "principal_org_id": null,
            "qualifier": "",
            "source_account": null,
            "source_arn": "arn:aws:s3:::tf-next-tfn-deploy20220807042432965700000005",
            "statement_id": "AllowExecutionFromS3Bucket",
            "statement_id_prefix": ""
          },
          "sensitive_attributes": [],
          "private": "bnVsbA==",
          "dependencies": [
            "module.tf_next.module.cloudfront_main.aws_cloudfront_distribution.distribution",
            "module.tf_next.module.statics_deploy.aws_s3_bucket.static_deploy",
            "module.tf_next.module.statics_deploy.aws_s3_bucket.static_upload",
            "module.tf_next.module.statics_deploy.aws_sns_topic.this",
            "module.tf_next.module.statics_deploy.aws_sqs_queue.this",
            "module.tf_next.module.statics_deploy.module.deploy_trigger.aws_cloudwatch_log_group.lambda",
            "module.tf_next.module.statics_deploy.module.deploy_trigger.aws_iam_role.lambda",
            "module.tf_next.module.statics_deploy.module.deploy_trigger.aws_lambda_function.this",
            "module.tf_next.module.statics_deploy.module.deploy_trigger.aws_s3_object.lambda_package",
            "module.tf_next.module.statics_deploy.module.deploy_trigger.data.external.archive_prepare",
            "module.tf_next.module.statics_deploy.module.deploy_trigger.null_resource.archive",
            "module.tf_next.module.statics_deploy.module.lambda_content.data.external.download",
            "module.tf_next.module.statics_deploy.module.lambda_content.data.external.this"
          ]
        },
        {
          "index_key": "InvalidationQueue",
          "schema_version": 0,
          "attributes": {
            "action": "lambda:InvokeFunction",
            "event_source_token": null,
            "function_name": "tf-next_tfn-deploy",
            "function_url_auth_type": null,
            "id": "InvalidationQueue",
            "principal": "sqs.amazonaws.com",
            "principal_org_id": null,
            "qualifier": "",
            "source_account": null,
            "source_arn": "arn:aws:sns:ap-south-1:045329330416:tf-next20220807042432962600000003",
            "statement_id": "InvalidationQueue",
            "statement_id_prefix": ""
          },
          "sensitive_attributes": [],
          "private": "bnVsbA==",
          "dependencies": [
            "module.tf_next.module.cloudfront_main.aws_cloudfront_distribution.distribution",
            "module.tf_next.module.statics_deploy.aws_s3_bucket.static_deploy",
            "module.tf_next.module.statics_deploy.aws_s3_bucket.static_upload",
            "module.tf_next.module.statics_deploy.aws_sns_topic.this",
            "module.tf_next.module.statics_deploy.aws_sqs_queue.this",
            "module.tf_next.module.statics_deploy.module.deploy_trigger.aws_cloudwatch_log_group.lambda",
            "module.tf_next.module.statics_deploy.module.deploy_trigger.aws_iam_role.lambda",
            "module.tf_next.module.statics_deploy.module.deploy_trigger.aws_lambda_function.this",
            "module.tf_next.module.statics_deploy.module.deploy_trigger.aws_s3_object.lambda_package",
            "module.tf_next.module.statics_deploy.module.deploy_trigger.data.external.archive_prepare",
            "module.tf_next.module.statics_deploy.module.deploy_trigger.null_resource.archive",
            "module.tf_next.module.statics_deploy.module.lambda_content.data.external.download",
            "module.tf_next.module.statics_deploy.module.lambda_content.data.external.this"
          ]
        }
      ]
    },
    {
      "module": "module.tf_next.module.statics_deploy.module.lambda_content",
      "mode": "data",
      "type": "external",
      "name": "download",
      "provider": "provider[\"registry.terraform.io/hashicorp/external\"]",
      "instances": [
        {
          "index_key": 0,
          "schema_version": 0,
          "attributes": {
            "id": "-",
            "program": [
              "bash",
              ".terraform/modules/tf_next.statics_deploy.lambda_content/download.sh",
              "https://cdn.jsdelivr.net/npm/@millihq/terraform-next-deploy-trigger@0.13.2/dist.zip",
              ".terraform/modules/tf_next.statics_deploy.lambda_content/download/@millihq/terraform-next-deploy-trigger/dist.zip"
            ],
            "query": null,
            "result": {
              "path": ".terraform/modules/tf_next.statics_deploy.lambda_content/download/@millihq/terraform-next-deploy-trigger/dist.zip"
            },
            "working_dir": null
          },
          "sensitive_attributes": []
        }
      ]
    }
  ]
}
